
Microsoft Visual Studio Solution File, Format Version 12.00
# Visual Studio Version 16
VisualStudioVersion = 16.0.30804.86
MinimumVisualStudioVersion = 10.0.40219.1
Project("{2150E333-8FDC-42A3-9474-1A3956D46DE8}") = "Platforms", "Platforms", "{85151008-C57F-4D5A-AA4C-E449FB306513}"
EndProject
Project("{FAE04EC0-301F-11D3-BF4B-00C04F79EFBC}") = "UnoTest.Droid", "UnoTest\UnoTest.Droid\UnoTest.Droid.csproj", "{AD929F59-AF64-4129-BE54-47D483430856}"
EndProject
Project("{FAE04EC0-301F-11D3-BF4B-00C04F79EFBC}") = "UnoTest.iOS", "UnoTest\UnoTest.iOS\UnoTest.iOS.csproj", "{895FE0E3-B1D9-48DF-838A-20FE06F3F2BA}"
EndProject
Project("{FAE04EC0-301F-11D3-BF4B-00C04F79EFBC}") = "UnoTest.UWP", "UnoTest\UnoTest.UWP\UnoTest.UWP.csproj", "{23289137-0E7C-4D26-B3AA-F3688D548848}"
EndProject
Project("{9A19103F-16F7-4668-BE54-9A1E7A4F7556}") = "UnoTest.Wasm", "UnoTest\UnoTest.Wasm\UnoTest.Wasm.csproj", "{2864521D-322A-4351-B6FD-AE3ACA539A88}"
EndProject
Project("{FAE04EC0-301F-11D3-BF4B-00C04F79EFBC}") = "UnoTest.macOS", "UnoTest\UnoTest.macOS\UnoTest.macOS.csproj", "{240C33AA-C58F-49D8-8CC2-87BE4D0B1C78}"
EndProject
Project("{9A19103F-16F7-4668-BE54-9A1E7A4F7556}") = "UnoTest.Skia.Wpf.Host", "UnoTest\UnoTest.Skia.Wpf.Host\UnoTest.Skia.Wpf.Host.csproj", "{FE3CE93E-12BE-46CE-B060-3F5FA05CDF4D}"
EndProject
Project("{9A19103F-16F7-4668-BE54-9A1E7A4F7556}") = "UnoTest.Skia.Wpf", "UnoTest\UnoTest.Skia.Wpf\UnoTest.Skia.Wpf.csproj", "{21242DCD-8BA0-4245-A226-C3DDBFF6760A}"
EndProject
Project("{9A19103F-16F7-4668-BE54-9A1E7A4F7556}") = "UnoTest.Skia.Gtk", "UnoTest\UnoTest.Skia.Gtk\UnoTest.Skia.Gtk.csproj", "{3B42A499-8310-437C-B601-868709B02FB6}"
EndProject
Project("{9A19103F-16F7-4668-BE54-9A1E7A4F7556}") = "UnoTest.Skia.Tizen", "UnoTest\UnoTest.Skia.Tizen\UnoTest.Skia.Tizen.csproj", "{127F8D1B-BD86-410D-A875-B40DC15B9543}"
EndProject
Project("{D954291E-2A0B-460D-934E-DC6B0785DB48}") = "UnoTest.Shared", "UnoTest\UnoTest.Shared\UnoTest.Shared.shproj", "{6279C845-92F8-4333-AB99-3D213163593C}"
EndProject
Project("{2150E333-8FDC-42A3-9474-1A3956D46DE8}") = "Ignored Platforms", "Ignored Platforms", "{E7A1BA35-FDBC-4814-B45E-1C9D9AC84339}"
EndProject
Project("{2150E333-8FDC-42A3-9474-1A3956D46DE8}") = "Lib", "Lib", "{B21AD9DA-F04C-4648-82E1-9489CED2572F}"
EndProject
Project("{2150E333-8FDC-42A3-9474-1A3956D46DE8}") = "Unit Tests", "Unit Tests", "{F2D99A3A-25EE-4692-83BC-5536788F3273}"
EndProject
Project("{9A19103F-16F7-4668-BE54-9A1E7A4F7556}") = "Syncfusion.SfChart.Uno", "Lib\Charts\Syncfusion.SfChart.Uno.csproj", "{10A18360-64D7-49FD-8AD7-4B99ABF3CBB1}"
EndProject
Project("{9A19103F-16F7-4668-BE54-9A1E7A4F7556}") = "Olive", "Lib\Olive\Olive.csproj", "{E857F463-8084-4070-AD25-AB10C12F308A}"
EndProject
Global
	GlobalSection(SharedMSBuildProjectFiles) = preSolution
		UnoTest\UnoTest.Shared\UnoTest.Shared.projitems*{23289137-0e7c-4d26-b3aa-f3688d548848}*SharedItemsImports = 4
		UnoTest\UnoTest.Shared\UnoTest.Shared.projitems*{2864521d-322a-4351-b6fd-ae3aca539a88}*SharedItemsImports = 5
		UnoTest\UnoTest.Shared\UnoTest.Shared.projitems*{6279c845-92f8-4333-ab99-3d213163593c}*SharedItemsImports = 13
		UnoTest\UnoTest.Shared\UnoTest.Shared.projitems*{ad929f59-af64-4129-be54-47d483430856}*SharedItemsImports = 4
	EndGlobalSection
	GlobalSection(SolutionConfigurationPlatforms) = preSolution
		Ad-Hoc|Any CPU = Ad-Hoc|Any CPU
		Ad-Hoc|ARM = Ad-Hoc|ARM
		Ad-Hoc|arm64 = Ad-Hoc|arm64
		Ad-Hoc|iPhone = Ad-Hoc|iPhone
		Ad-Hoc|iPhoneSimulator = Ad-Hoc|iPhoneSimulator
		Ad-Hoc|x64 = Ad-Hoc|x64
		Ad-Hoc|x86 = Ad-Hoc|x86
		AppStore|Any CPU = AppStore|Any CPU
		AppStore|ARM = AppStore|ARM
		AppStore|arm64 = AppStore|arm64
		AppStore|iPhone = AppStore|iPhone
		AppStore|iPhoneSimulator = AppStore|iPhoneSimulator
		AppStore|x64 = AppStore|x64
		AppStore|x86 = AppStore|x86
		Debug|Any CPU = Debug|Any CPU
		Debug|ARM = Debug|ARM
		Debug|arm64 = Debug|arm64
		Debug|iPhone = Debug|iPhone
		Debug|iPhoneSimulator = Debug|iPhoneSimulator
		Debug|x64 = Debug|x64
		Debug|x86 = Debug|x86
		Release|Any CPU = Release|Any CPU
		Release|ARM = Release|ARM
		Release|arm64 = Release|arm64
		Release|iPhone = Release|iPhone
		Release|iPhoneSimulator = Release|iPhoneSimulator
		Release|x64 = Release|x64
		Release|x86 = Release|x86
	EndGlobalSection
	GlobalSection(ProjectConfigurationPlatforms) = postSolution
		{AD929F59-AF64-4129-BE54-47D483430856}.Ad-Hoc|Any CPU.ActiveCfg = Debug|Any CPU
		{AD929F59-AF64-4129-BE54-47D483430856}.Ad-Hoc|Any CPU.Build.0 = Debug|Any CPU
		{AD929F59-AF64-4129-BE54-47D483430856}.Ad-Hoc|Any CPU.Deploy.0 = Debug|Any CPU
		{AD929F59-AF64-4129-BE54-47D483430856}.Ad-Hoc|ARM.ActiveCfg = Debug|Any CPU
		{AD929F59-AF64-4129-BE54-47D483430856}.Ad-Hoc|ARM.Build.0 = Debug|Any CPU
		{AD929F59-AF64-4129-BE54-47D483430856}.Ad-Hoc|ARM.Deploy.0 = Debug|Any CPU
		{AD929F59-AF64-4129-BE54-47D483430856}.Ad-Hoc|arm64.ActiveCfg = Debug|Any CPU
		{AD929F59-AF64-4129-BE54-47D483430856}.Ad-Hoc|arm64.Build.0 = Debug|Any CPU
		{AD929F59-AF64-4129-BE54-47D483430856}.Ad-Hoc|arm64.Deploy.0 = Debug|Any CPU
		{AD929F59-AF64-4129-BE54-47D483430856}.Ad-Hoc|iPhone.ActiveCfg = Debug|Any CPU
		{AD929F59-AF64-4129-BE54-47D483430856}.Ad-Hoc|iPhone.Build.0 = Debug|Any CPU
		{AD929F59-AF64-4129-BE54-47D483430856}.Ad-Hoc|iPhone.Deploy.0 = Debug|Any CPU
		{AD929F59-AF64-4129-BE54-47D483430856}.Ad-Hoc|iPhoneSimulator.ActiveCfg = Debug|Any CPU
		{AD929F59-AF64-4129-BE54-47D483430856}.Ad-Hoc|iPhoneSimulator.Build.0 = Debug|Any CPU
		{AD929F59-AF64-4129-BE54-47D483430856}.Ad-Hoc|iPhoneSimulator.Deploy.0 = Debug|Any CPU
		{AD929F59-AF64-4129-BE54-47D483430856}.Ad-Hoc|x64.ActiveCfg = Debug|Any CPU
		{AD929F59-AF64-4129-BE54-47D483430856}.Ad-Hoc|x64.Build.0 = Debug|Any CPU
		{AD929F59-AF64-4129-BE54-47D483430856}.Ad-Hoc|x64.Deploy.0 = Debug|Any CPU
		{AD929F59-AF64-4129-BE54-47D483430856}.Ad-Hoc|x86.ActiveCfg = Debug|Any CPU
		{AD929F59-AF64-4129-BE54-47D483430856}.Ad-Hoc|x86.Build.0 = Debug|Any CPU
		{AD929F59-AF64-4129-BE54-47D483430856}.Ad-Hoc|x86.Deploy.0 = Debug|Any CPU
		{AD929F59-AF64-4129-BE54-47D483430856}.AppStore|Any CPU.ActiveCfg = Debug|Any CPU
		{AD929F59-AF64-4129-BE54-47D483430856}.AppStore|Any CPU.Build.0 = Debug|Any CPU
		{AD929F59-AF64-4129-BE54-47D483430856}.AppStore|Any CPU.Deploy.0 = Debug|Any CPU
		{AD929F59-AF64-4129-BE54-47D483430856}.AppStore|ARM.ActiveCfg = Debug|Any CPU
		{AD929F59-AF64-4129-BE54-47D483430856}.AppStore|ARM.Build.0 = Debug|Any CPU
		{AD929F59-AF64-4129-BE54-47D483430856}.AppStore|ARM.Deploy.0 = Debug|Any CPU
		{AD929F59-AF64-4129-BE54-47D483430856}.AppStore|arm64.ActiveCfg = Debug|Any CPU
		{AD929F59-AF64-4129-BE54-47D483430856}.AppStore|arm64.Build.0 = Debug|Any CPU
		{AD929F59-AF64-4129-BE54-47D483430856}.AppStore|arm64.Deploy.0 = Debug|Any CPU
		{AD929F59-AF64-4129-BE54-47D483430856}.AppStore|iPhone.ActiveCfg = Debug|Any CPU
		{AD929F59-AF64-4129-BE54-47D483430856}.AppStore|iPhone.Build.0 = Debug|Any CPU
		{AD929F59-AF64-4129-BE54-47D483430856}.AppStore|iPhone.Deploy.0 = Debug|Any CPU
		{AD929F59-AF64-4129-BE54-47D483430856}.AppStore|iPhoneSimulator.ActiveCfg = Debug|Any CPU
		{AD929F59-AF64-4129-BE54-47D483430856}.AppStore|iPhoneSimulator.Build.0 = Debug|Any CPU
		{AD929F59-AF64-4129-BE54-47D483430856}.AppStore|iPhoneSimulator.Deploy.0 = Debug|Any CPU
		{AD929F59-AF64-4129-BE54-47D483430856}.AppStore|x64.ActiveCfg = Debug|Any CPU
		{AD929F59-AF64-4129-BE54-47D483430856}.AppStore|x64.Build.0 = Debug|Any CPU
		{AD929F59-AF64-4129-BE54-47D483430856}.AppStore|x64.Deploy.0 = Debug|Any CPU
		{AD929F59-AF64-4129-BE54-47D483430856}.AppStore|x86.ActiveCfg = Debug|Any CPU
		{AD929F59-AF64-4129-BE54-47D483430856}.AppStore|x86.Build.0 = Debug|Any CPU
		{AD929F59-AF64-4129-BE54-47D483430856}.AppStore|x86.Deploy.0 = Debug|Any CPU
		{AD929F59-AF64-4129-BE54-47D483430856}.Debug|Any CPU.ActiveCfg = Debug|Any CPU
		{AD929F59-AF64-4129-BE54-47D483430856}.Debug|Any CPU.Build.0 = Debug|Any CPU
		{AD929F59-AF64-4129-BE54-47D483430856}.Debug|Any CPU.Deploy.0 = Debug|Any CPU
		{AD929F59-AF64-4129-BE54-47D483430856}.Debug|ARM.ActiveCfg = Debug|Any CPU
		{AD929F59-AF64-4129-BE54-47D483430856}.Debug|ARM.Build.0 = Debug|Any CPU
		{AD929F59-AF64-4129-BE54-47D483430856}.Debug|ARM.Deploy.0 = Debug|Any CPU
		{AD929F59-AF64-4129-BE54-47D483430856}.Debug|arm64.ActiveCfg = Debug|Any CPU
		{AD929F59-AF64-4129-BE54-47D483430856}.Debug|arm64.Build.0 = Debug|Any CPU
		{AD929F59-AF64-4129-BE54-47D483430856}.Debug|arm64.Deploy.0 = Debug|Any CPU
		{AD929F59-AF64-4129-BE54-47D483430856}.Debug|iPhone.ActiveCfg = Debug|Any CPU
		{AD929F59-AF64-4129-BE54-47D483430856}.Debug|iPhone.Build.0 = Debug|Any CPU
		{AD929F59-AF64-4129-BE54-47D483430856}.Debug|iPhone.Deploy.0 = Debug|Any CPU
		{AD929F59-AF64-4129-BE54-47D483430856}.Debug|iPhoneSimulator.ActiveCfg = Debug|Any CPU
		{AD929F59-AF64-4129-BE54-47D483430856}.Debug|iPhoneSimulator.Build.0 = Debug|Any CPU
		{AD929F59-AF64-4129-BE54-47D483430856}.Debug|iPhoneSimulator.Deploy.0 = Debug|Any CPU
		{AD929F59-AF64-4129-BE54-47D483430856}.Debug|x64.ActiveCfg = Debug|Any CPU
		{AD929F59-AF64-4129-BE54-47D483430856}.Debug|x64.Build.0 = Debug|Any CPU
		{AD929F59-AF64-4129-BE54-47D483430856}.Debug|x64.Deploy.0 = Debug|Any CPU
		{AD929F59-AF64-4129-BE54-47D483430856}.Debug|x86.ActiveCfg = Debug|Any CPU
		{AD929F59-AF64-4129-BE54-47D483430856}.Debug|x86.Build.0 = Debug|Any CPU
		{AD929F59-AF64-4129-BE54-47D483430856}.Debug|x86.Deploy.0 = Debug|Any CPU
		{AD929F59-AF64-4129-BE54-47D483430856}.Release|Any CPU.ActiveCfg = Release|Any CPU
		{AD929F59-AF64-4129-BE54-47D483430856}.Release|Any CPU.Build.0 = Release|Any CPU
		{AD929F59-AF64-4129-BE54-47D483430856}.Release|Any CPU.Deploy.0 = Release|Any CPU
		{AD929F59-AF64-4129-BE54-47D483430856}.Release|ARM.ActiveCfg = Release|Any CPU
		{AD929F59-AF64-4129-BE54-47D483430856}.Release|ARM.Build.0 = Release|Any CPU
		{AD929F59-AF64-4129-BE54-47D483430856}.Release|ARM.Deploy.0 = Release|Any CPU
		{AD929F59-AF64-4129-BE54-47D483430856}.Release|arm64.ActiveCfg = Release|Any CPU
		{AD929F59-AF64-4129-BE54-47D483430856}.Release|arm64.Build.0 = Release|Any CPU
		{AD929F59-AF64-4129-BE54-47D483430856}.Release|arm64.Deploy.0 = Release|Any CPU
		{AD929F59-AF64-4129-BE54-47D483430856}.Release|iPhone.ActiveCfg = Release|Any CPU
		{AD929F59-AF64-4129-BE54-47D483430856}.Release|iPhone.Build.0 = Release|Any CPU
		{AD929F59-AF64-4129-BE54-47D483430856}.Release|iPhone.Deploy.0 = Release|Any CPU
		{AD929F59-AF64-4129-BE54-47D483430856}.Release|iPhoneSimulator.ActiveCfg = Release|Any CPU
		{AD929F59-AF64-4129-BE54-47D483430856}.Release|iPhoneSimulator.Build.0 = Release|Any CPU
		{AD929F59-AF64-4129-BE54-47D483430856}.Release|iPhoneSimulator.Deploy.0 = Release|Any CPU
		{AD929F59-AF64-4129-BE54-47D483430856}.Release|x64.ActiveCfg = Release|Any CPU
		{AD929F59-AF64-4129-BE54-47D483430856}.Release|x64.Build.0 = Release|Any CPU
		{AD929F59-AF64-4129-BE54-47D483430856}.Release|x64.Deploy.0 = Release|Any CPU
		{AD929F59-AF64-4129-BE54-47D483430856}.Release|x86.ActiveCfg = Release|Any CPU
		{AD929F59-AF64-4129-BE54-47D483430856}.Release|x86.Build.0 = Release|Any CPU
		{AD929F59-AF64-4129-BE54-47D483430856}.Release|x86.Deploy.0 = Release|Any CPU
		{895FE0E3-B1D9-48DF-838A-20FE06F3F2BA}.Ad-Hoc|Any CPU.ActiveCfg = Ad-Hoc|iPhoneSimulator
		{895FE0E3-B1D9-48DF-838A-20FE06F3F2BA}.Ad-Hoc|ARM.ActiveCfg = Ad-Hoc|iPhoneSimulator
		{895FE0E3-B1D9-48DF-838A-20FE06F3F2BA}.Ad-Hoc|arm64.ActiveCfg = Ad-Hoc|iPhoneSimulator
		{895FE0E3-B1D9-48DF-838A-20FE06F3F2BA}.Ad-Hoc|iPhone.ActiveCfg = Ad-Hoc|iPhone
		{895FE0E3-B1D9-48DF-838A-20FE06F3F2BA}.Ad-Hoc|iPhone.Build.0 = Ad-Hoc|iPhone
		{895FE0E3-B1D9-48DF-838A-20FE06F3F2BA}.Ad-Hoc|iPhoneSimulator.ActiveCfg = Ad-Hoc|iPhoneSimulator
		{895FE0E3-B1D9-48DF-838A-20FE06F3F2BA}.Ad-Hoc|iPhoneSimulator.Build.0 = Ad-Hoc|iPhoneSimulator
		{895FE0E3-B1D9-48DF-838A-20FE06F3F2BA}.Ad-Hoc|x64.ActiveCfg = Ad-Hoc|iPhoneSimulator
		{895FE0E3-B1D9-48DF-838A-20FE06F3F2BA}.Ad-Hoc|x86.ActiveCfg = Ad-Hoc|iPhoneSimulator
		{895FE0E3-B1D9-48DF-838A-20FE06F3F2BA}.AppStore|Any CPU.ActiveCfg = AppStore|iPhoneSimulator
		{895FE0E3-B1D9-48DF-838A-20FE06F3F2BA}.AppStore|ARM.ActiveCfg = AppStore|iPhoneSimulator
		{895FE0E3-B1D9-48DF-838A-20FE06F3F2BA}.AppStore|arm64.ActiveCfg = AppStore|iPhoneSimulator
		{895FE0E3-B1D9-48DF-838A-20FE06F3F2BA}.AppStore|iPhone.ActiveCfg = AppStore|iPhone
		{895FE0E3-B1D9-48DF-838A-20FE06F3F2BA}.AppStore|iPhone.Build.0 = AppStore|iPhone
		{895FE0E3-B1D9-48DF-838A-20FE06F3F2BA}.AppStore|iPhoneSimulator.ActiveCfg = AppStore|iPhoneSimulator
		{895FE0E3-B1D9-48DF-838A-20FE06F3F2BA}.AppStore|iPhoneSimulator.Build.0 = AppStore|iPhoneSimulator
		{895FE0E3-B1D9-48DF-838A-20FE06F3F2BA}.AppStore|x64.ActiveCfg = AppStore|iPhoneSimulator
		{895FE0E3-B1D9-48DF-838A-20FE06F3F2BA}.AppStore|x86.ActiveCfg = AppStore|iPhoneSimulator
		{895FE0E3-B1D9-48DF-838A-20FE06F3F2BA}.Debug|Any CPU.ActiveCfg = Debug|iPhoneSimulator
		{895FE0E3-B1D9-48DF-838A-20FE06F3F2BA}.Debug|ARM.ActiveCfg = Debug|iPhoneSimulator
		{895FE0E3-B1D9-48DF-838A-20FE06F3F2BA}.Debug|arm64.ActiveCfg = Debug|iPhoneSimulator
		{895FE0E3-B1D9-48DF-838A-20FE06F3F2BA}.Debug|iPhone.ActiveCfg = Debug|iPhone
		{895FE0E3-B1D9-48DF-838A-20FE06F3F2BA}.Debug|iPhone.Build.0 = Debug|iPhone
		{895FE0E3-B1D9-48DF-838A-20FE06F3F2BA}.Debug|iPhoneSimulator.ActiveCfg = Debug|iPhoneSimulator
		{895FE0E3-B1D9-48DF-838A-20FE06F3F2BA}.Debug|iPhoneSimulator.Build.0 = Debug|iPhoneSimulator
		{895FE0E3-B1D9-48DF-838A-20FE06F3F2BA}.Debug|x64.ActiveCfg = Debug|iPhoneSimulator
		{895FE0E3-B1D9-48DF-838A-20FE06F3F2BA}.Debug|x86.ActiveCfg = Debug|iPhoneSimulator
		{895FE0E3-B1D9-48DF-838A-20FE06F3F2BA}.Release|Any CPU.ActiveCfg = Release|iPhoneSimulator
		{895FE0E3-B1D9-48DF-838A-20FE06F3F2BA}.Release|ARM.ActiveCfg = Release|iPhoneSimulator
		{895FE0E3-B1D9-48DF-838A-20FE06F3F2BA}.Release|arm64.ActiveCfg = Release|iPhoneSimulator
		{895FE0E3-B1D9-48DF-838A-20FE06F3F2BA}.Release|iPhone.ActiveCfg = Release|iPhone
		{895FE0E3-B1D9-48DF-838A-20FE06F3F2BA}.Release|iPhone.Build.0 = Release|iPhone
		{895FE0E3-B1D9-48DF-838A-20FE06F3F2BA}.Release|iPhoneSimulator.ActiveCfg = Release|iPhoneSimulator
		{895FE0E3-B1D9-48DF-838A-20FE06F3F2BA}.Release|iPhoneSimulator.Build.0 = Release|iPhoneSimulator
		{895FE0E3-B1D9-48DF-838A-20FE06F3F2BA}.Release|x64.ActiveCfg = Release|iPhoneSimulator
		{895FE0E3-B1D9-48DF-838A-20FE06F3F2BA}.Release|x86.ActiveCfg = Release|iPhoneSimulator
		{23289137-0E7C-4D26-B3AA-F3688D548848}.Ad-Hoc|Any CPU.ActiveCfg = Debug|x86
		{23289137-0E7C-4D26-B3AA-F3688D548848}.Ad-Hoc|Any CPU.Build.0 = Debug|x86
		{23289137-0E7C-4D26-B3AA-F3688D548848}.Ad-Hoc|Any CPU.Deploy.0 = Debug|x86
		{23289137-0E7C-4D26-B3AA-F3688D548848}.Ad-Hoc|ARM.ActiveCfg = Debug|ARM
		{23289137-0E7C-4D26-B3AA-F3688D548848}.Ad-Hoc|ARM.Build.0 = Debug|ARM
		{23289137-0E7C-4D26-B3AA-F3688D548848}.Ad-Hoc|ARM.Deploy.0 = Debug|ARM
		{23289137-0E7C-4D26-B3AA-F3688D548848}.Ad-Hoc|arm64.ActiveCfg = Debug|ARM64
		{23289137-0E7C-4D26-B3AA-F3688D548848}.Ad-Hoc|arm64.Build.0 = Debug|ARM64
		{23289137-0E7C-4D26-B3AA-F3688D548848}.Ad-Hoc|arm64.Deploy.0 = Debug|ARM64
		{23289137-0E7C-4D26-B3AA-F3688D548848}.Ad-Hoc|iPhone.ActiveCfg = Debug|x86
		{23289137-0E7C-4D26-B3AA-F3688D548848}.Ad-Hoc|iPhone.Build.0 = Debug|x86
		{23289137-0E7C-4D26-B3AA-F3688D548848}.Ad-Hoc|iPhone.Deploy.0 = Debug|x86
		{23289137-0E7C-4D26-B3AA-F3688D548848}.Ad-Hoc|iPhoneSimulator.ActiveCfg = Debug|x86
		{23289137-0E7C-4D26-B3AA-F3688D548848}.Ad-Hoc|iPhoneSimulator.Build.0 = Debug|x86
		{23289137-0E7C-4D26-B3AA-F3688D548848}.Ad-Hoc|iPhoneSimulator.Deploy.0 = Debug|x86
		{23289137-0E7C-4D26-B3AA-F3688D548848}.Ad-Hoc|x64.ActiveCfg = Debug|x64
		{23289137-0E7C-4D26-B3AA-F3688D548848}.Ad-Hoc|x64.Build.0 = Debug|x64
		{23289137-0E7C-4D26-B3AA-F3688D548848}.Ad-Hoc|x64.Deploy.0 = Debug|x64
		{23289137-0E7C-4D26-B3AA-F3688D548848}.Ad-Hoc|x86.ActiveCfg = Debug|x86
		{23289137-0E7C-4D26-B3AA-F3688D548848}.Ad-Hoc|x86.Build.0 = Debug|x86
		{23289137-0E7C-4D26-B3AA-F3688D548848}.Ad-Hoc|x86.Deploy.0 = Debug|x86
		{23289137-0E7C-4D26-B3AA-F3688D548848}.AppStore|Any CPU.ActiveCfg = Debug|x86
		{23289137-0E7C-4D26-B3AA-F3688D548848}.AppStore|Any CPU.Build.0 = Debug|x86
		{23289137-0E7C-4D26-B3AA-F3688D548848}.AppStore|Any CPU.Deploy.0 = Debug|x86
		{23289137-0E7C-4D26-B3AA-F3688D548848}.AppStore|ARM.ActiveCfg = Debug|ARM
		{23289137-0E7C-4D26-B3AA-F3688D548848}.AppStore|ARM.Build.0 = Debug|ARM
		{23289137-0E7C-4D26-B3AA-F3688D548848}.AppStore|ARM.Deploy.0 = Debug|ARM
		{23289137-0E7C-4D26-B3AA-F3688D548848}.AppStore|arm64.ActiveCfg = Debug|ARM64
		{23289137-0E7C-4D26-B3AA-F3688D548848}.AppStore|arm64.Build.0 = Debug|ARM64
		{23289137-0E7C-4D26-B3AA-F3688D548848}.AppStore|arm64.Deploy.0 = Debug|ARM64
		{23289137-0E7C-4D26-B3AA-F3688D548848}.AppStore|iPhone.ActiveCfg = Debug|x86
		{23289137-0E7C-4D26-B3AA-F3688D548848}.AppStore|iPhone.Build.0 = Debug|x86
		{23289137-0E7C-4D26-B3AA-F3688D548848}.AppStore|iPhone.Deploy.0 = Debug|x86
		{23289137-0E7C-4D26-B3AA-F3688D548848}.AppStore|iPhoneSimulator.ActiveCfg = Debug|x86
		{23289137-0E7C-4D26-B3AA-F3688D548848}.AppStore|iPhoneSimulator.Build.0 = Debug|x86
		{23289137-0E7C-4D26-B3AA-F3688D548848}.AppStore|iPhoneSimulator.Deploy.0 = Debug|x86
		{23289137-0E7C-4D26-B3AA-F3688D548848}.AppStore|x64.ActiveCfg = Debug|x64
		{23289137-0E7C-4D26-B3AA-F3688D548848}.AppStore|x64.Build.0 = Debug|x64
		{23289137-0E7C-4D26-B3AA-F3688D548848}.AppStore|x64.Deploy.0 = Debug|x64
		{23289137-0E7C-4D26-B3AA-F3688D548848}.AppStore|x86.ActiveCfg = Debug|x86
		{23289137-0E7C-4D26-B3AA-F3688D548848}.AppStore|x86.Build.0 = Debug|x86
		{23289137-0E7C-4D26-B3AA-F3688D548848}.AppStore|x86.Deploy.0 = Debug|x86
		{23289137-0E7C-4D26-B3AA-F3688D548848}.Debug|Any CPU.ActiveCfg = Debug|x86
		{23289137-0E7C-4D26-B3AA-F3688D548848}.Debug|ARM.ActiveCfg = Debug|ARM
		{23289137-0E7C-4D26-B3AA-F3688D548848}.Debug|ARM.Build.0 = Debug|ARM
		{23289137-0E7C-4D26-B3AA-F3688D548848}.Debug|ARM.Deploy.0 = Debug|ARM
		{23289137-0E7C-4D26-B3AA-F3688D548848}.Debug|arm64.ActiveCfg = Debug|ARM64
		{23289137-0E7C-4D26-B3AA-F3688D548848}.Debug|arm64.Build.0 = Debug|ARM64
		{23289137-0E7C-4D26-B3AA-F3688D548848}.Debug|arm64.Deploy.0 = Debug|ARM64
		{23289137-0E7C-4D26-B3AA-F3688D548848}.Debug|iPhone.ActiveCfg = Debug|x86
		{23289137-0E7C-4D26-B3AA-F3688D548848}.Debug|iPhoneSimulator.ActiveCfg = Debug|x86
		{23289137-0E7C-4D26-B3AA-F3688D548848}.Debug|x64.ActiveCfg = Debug|x64
		{23289137-0E7C-4D26-B3AA-F3688D548848}.Debug|x64.Build.0 = Debug|x64
		{23289137-0E7C-4D26-B3AA-F3688D548848}.Debug|x64.Deploy.0 = Debug|x64
		{23289137-0E7C-4D26-B3AA-F3688D548848}.Debug|x86.ActiveCfg = Debug|x86
		{23289137-0E7C-4D26-B3AA-F3688D548848}.Debug|x86.Build.0 = Debug|x86
		{23289137-0E7C-4D26-B3AA-F3688D548848}.Debug|x86.Deploy.0 = Debug|x86
		{23289137-0E7C-4D26-B3AA-F3688D548848}.Release|Any CPU.ActiveCfg = Release|x86
		{23289137-0E7C-4D26-B3AA-F3688D548848}.Release|ARM.ActiveCfg = Release|ARM
		{23289137-0E7C-4D26-B3AA-F3688D548848}.Release|ARM.Build.0 = Release|ARM
		{23289137-0E7C-4D26-B3AA-F3688D548848}.Release|ARM.Deploy.0 = Release|ARM
		{23289137-0E7C-4D26-B3AA-F3688D548848}.Release|arm64.ActiveCfg = Release|ARM64
		{23289137-0E7C-4D26-B3AA-F3688D548848}.Release|arm64.Build.0 = Release|ARM64
		{23289137-0E7C-4D26-B3AA-F3688D548848}.Release|arm64.Deploy.0 = Release|ARM64
		{23289137-0E7C-4D26-B3AA-F3688D548848}.Release|iPhone.ActiveCfg = Release|x86
		{23289137-0E7C-4D26-B3AA-F3688D548848}.Release|iPhoneSimulator.ActiveCfg = Release|x86
		{23289137-0E7C-4D26-B3AA-F3688D548848}.Release|x64.ActiveCfg = Release|x64
		{23289137-0E7C-4D26-B3AA-F3688D548848}.Release|x64.Build.0 = Release|x64
		{23289137-0E7C-4D26-B3AA-F3688D548848}.Release|x64.Deploy.0 = Release|x64
		{23289137-0E7C-4D26-B3AA-F3688D548848}.Release|x86.ActiveCfg = Release|x86
		{23289137-0E7C-4D26-B3AA-F3688D548848}.Release|x86.Build.0 = Release|x86
		{23289137-0E7C-4D26-B3AA-F3688D548848}.Release|x86.Deploy.0 = Release|x86
		{2864521D-322A-4351-B6FD-AE3ACA539A88}.Ad-Hoc|Any CPU.ActiveCfg = Debug|Any CPU
		{2864521D-322A-4351-B6FD-AE3ACA539A88}.Ad-Hoc|Any CPU.Build.0 = Debug|Any CPU
		{2864521D-322A-4351-B6FD-AE3ACA539A88}.Ad-Hoc|ARM.ActiveCfg = Debug|Any CPU
		{2864521D-322A-4351-B6FD-AE3ACA539A88}.Ad-Hoc|ARM.Build.0 = Debug|Any CPU
		{2864521D-322A-4351-B6FD-AE3ACA539A88}.Ad-Hoc|arm64.ActiveCfg = Debug|Any CPU
		{2864521D-322A-4351-B6FD-AE3ACA539A88}.Ad-Hoc|arm64.Build.0 = Debug|Any CPU
		{2864521D-322A-4351-B6FD-AE3ACA539A88}.Ad-Hoc|iPhone.ActiveCfg = Debug|Any CPU
		{2864521D-322A-4351-B6FD-AE3ACA539A88}.Ad-Hoc|iPhone.Build.0 = Debug|Any CPU
		{2864521D-322A-4351-B6FD-AE3ACA539A88}.Ad-Hoc|iPhoneSimulator.ActiveCfg = Debug|Any CPU
		{2864521D-322A-4351-B6FD-AE3ACA539A88}.Ad-Hoc|iPhoneSimulator.Build.0 = Debug|Any CPU
		{2864521D-322A-4351-B6FD-AE3ACA539A88}.Ad-Hoc|x64.ActiveCfg = Debug|Any CPU
		{2864521D-322A-4351-B6FD-AE3ACA539A88}.Ad-Hoc|x64.Build.0 = Debug|Any CPU
		{2864521D-322A-4351-B6FD-AE3ACA539A88}.Ad-Hoc|x86.ActiveCfg = Debug|Any CPU
		{2864521D-322A-4351-B6FD-AE3ACA539A88}.Ad-Hoc|x86.Build.0 = Debug|Any CPU
		{2864521D-322A-4351-B6FD-AE3ACA539A88}.AppStore|Any CPU.ActiveCfg = Debug|Any CPU
		{2864521D-322A-4351-B6FD-AE3ACA539A88}.AppStore|Any CPU.Build.0 = Debug|Any CPU
		{2864521D-322A-4351-B6FD-AE3ACA539A88}.AppStore|ARM.ActiveCfg = Debug|Any CPU
		{2864521D-322A-4351-B6FD-AE3ACA539A88}.AppStore|ARM.Build.0 = Debug|Any CPU
		{2864521D-322A-4351-B6FD-AE3ACA539A88}.AppStore|arm64.ActiveCfg = Debug|Any CPU
		{2864521D-322A-4351-B6FD-AE3ACA539A88}.AppStore|arm64.Build.0 = Debug|Any CPU
		{2864521D-322A-4351-B6FD-AE3ACA539A88}.AppStore|iPhone.ActiveCfg = Debug|Any CPU
		{2864521D-322A-4351-B6FD-AE3ACA539A88}.AppStore|iPhone.Build.0 = Debug|Any CPU
		{2864521D-322A-4351-B6FD-AE3ACA539A88}.AppStore|iPhoneSimulator.ActiveCfg = Debug|Any CPU
		{2864521D-322A-4351-B6FD-AE3ACA539A88}.AppStore|iPhoneSimulator.Build.0 = Debug|Any CPU
		{2864521D-322A-4351-B6FD-AE3ACA539A88}.AppStore|x64.ActiveCfg = Debug|Any CPU
		{2864521D-322A-4351-B6FD-AE3ACA539A88}.AppStore|x64.Build.0 = Debug|Any CPU
		{2864521D-322A-4351-B6FD-AE3ACA539A88}.AppStore|x86.ActiveCfg = Debug|Any CPU
		{2864521D-322A-4351-B6FD-AE3ACA539A88}.AppStore|x86.Build.0 = Debug|Any CPU
		{2864521D-322A-4351-B6FD-AE3ACA539A88}.Debug|Any CPU.ActiveCfg = Debug|Any CPU
		{2864521D-322A-4351-B6FD-AE3ACA539A88}.Debug|Any CPU.Build.0 = Debug|Any CPU
		{2864521D-322A-4351-B6FD-AE3ACA539A88}.Debug|ARM.ActiveCfg = Debug|Any CPU
		{2864521D-322A-4351-B6FD-AE3ACA539A88}.Debug|ARM.Build.0 = Debug|Any CPU
		{2864521D-322A-4351-B6FD-AE3ACA539A88}.Debug|arm64.ActiveCfg = Debug|Any CPU
		{2864521D-322A-4351-B6FD-AE3ACA539A88}.Debug|arm64.Build.0 = Debug|Any CPU
		{2864521D-322A-4351-B6FD-AE3ACA539A88}.Debug|iPhone.ActiveCfg = Debug|Any CPU
		{2864521D-322A-4351-B6FD-AE3ACA539A88}.Debug|iPhone.Build.0 = Debug|Any CPU
		{2864521D-322A-4351-B6FD-AE3ACA539A88}.Debug|iPhoneSimulator.ActiveCfg = Debug|Any CPU
		{2864521D-322A-4351-B6FD-AE3ACA539A88}.Debug|iPhoneSimulator.Build.0 = Debug|Any CPU
		{2864521D-322A-4351-B6FD-AE3ACA539A88}.Debug|x64.ActiveCfg = Debug|Any CPU
		{2864521D-322A-4351-B6FD-AE3ACA539A88}.Debug|x64.Build.0 = Debug|Any CPU
		{2864521D-322A-4351-B6FD-AE3ACA539A88}.Debug|x86.ActiveCfg = Debug|Any CPU
		{2864521D-322A-4351-B6FD-AE3ACA539A88}.Debug|x86.Build.0 = Debug|Any CPU
		{2864521D-322A-4351-B6FD-AE3ACA539A88}.Release|Any CPU.ActiveCfg = Release|Any CPU
		{2864521D-322A-4351-B6FD-AE3ACA539A88}.Release|Any CPU.Build.0 = Release|Any CPU
		{2864521D-322A-4351-B6FD-AE3ACA539A88}.Release|ARM.ActiveCfg = Release|Any CPU
		{2864521D-322A-4351-B6FD-AE3ACA539A88}.Release|ARM.Build.0 = Release|Any CPU
		{2864521D-322A-4351-B6FD-AE3ACA539A88}.Release|arm64.ActiveCfg = Release|Any CPU
		{2864521D-322A-4351-B6FD-AE3ACA539A88}.Release|arm64.Build.0 = Release|Any CPU
		{2864521D-322A-4351-B6FD-AE3ACA539A88}.Release|iPhone.ActiveCfg = Release|Any CPU
		{2864521D-322A-4351-B6FD-AE3ACA539A88}.Release|iPhone.Build.0 = Release|Any CPU
		{2864521D-322A-4351-B6FD-AE3ACA539A88}.Release|iPhoneSimulator.ActiveCfg = Release|Any CPU
		{2864521D-322A-4351-B6FD-AE3ACA539A88}.Release|iPhoneSimulator.Build.0 = Release|Any CPU
		{2864521D-322A-4351-B6FD-AE3ACA539A88}.Release|x64.ActiveCfg = Release|Any CPU
		{2864521D-322A-4351-B6FD-AE3ACA539A88}.Release|x64.Build.0 = Release|Any CPU
		{2864521D-322A-4351-B6FD-AE3ACA539A88}.Release|x86.ActiveCfg = Release|Any CPU
		{2864521D-322A-4351-B6FD-AE3ACA539A88}.Release|x86.Build.0 = Release|Any CPU
		{240C33AA-C58F-49D8-8CC2-87BE4D0B1C78}.Ad-Hoc|Any CPU.ActiveCfg = Debug|iPhoneSimulator
		{240C33AA-C58F-49D8-8CC2-87BE4D0B1C78}.Ad-Hoc|Any CPU.Build.0 = Debug|iPhoneSimulator
		{240C33AA-C58F-49D8-8CC2-87BE4D0B1C78}.Ad-Hoc|ARM.ActiveCfg = Debug|iPhoneSimulator
		{240C33AA-C58F-49D8-8CC2-87BE4D0B1C78}.Ad-Hoc|ARM.Build.0 = Debug|iPhoneSimulator
		{240C33AA-C58F-49D8-8CC2-87BE4D0B1C78}.Ad-Hoc|arm64.ActiveCfg = Debug|iPhoneSimulator
		{240C33AA-C58F-49D8-8CC2-87BE4D0B1C78}.Ad-Hoc|arm64.Build.0 = Debug|iPhoneSimulator
		{240C33AA-C58F-49D8-8CC2-87BE4D0B1C78}.Ad-Hoc|iPhone.ActiveCfg = Debug|iPhoneSimulator
		{240C33AA-C58F-49D8-8CC2-87BE4D0B1C78}.Ad-Hoc|iPhone.Build.0 = Debug|iPhoneSimulator
		{240C33AA-C58F-49D8-8CC2-87BE4D0B1C78}.Ad-Hoc|iPhoneSimulator.ActiveCfg = Debug|iPhoneSimulator
		{240C33AA-C58F-49D8-8CC2-87BE4D0B1C78}.Ad-Hoc|iPhoneSimulator.Build.0 = Debug|iPhoneSimulator
		{240C33AA-C58F-49D8-8CC2-87BE4D0B1C78}.Ad-Hoc|x64.ActiveCfg = Debug|iPhoneSimulator
		{240C33AA-C58F-49D8-8CC2-87BE4D0B1C78}.Ad-Hoc|x64.Build.0 = Debug|iPhoneSimulator
		{240C33AA-C58F-49D8-8CC2-87BE4D0B1C78}.Ad-Hoc|x86.ActiveCfg = Debug|iPhoneSimulator
		{240C33AA-C58F-49D8-8CC2-87BE4D0B1C78}.Ad-Hoc|x86.Build.0 = Debug|iPhoneSimulator
		{240C33AA-C58F-49D8-8CC2-87BE4D0B1C78}.AppStore|Any CPU.ActiveCfg = Debug|iPhoneSimulator
		{240C33AA-C58F-49D8-8CC2-87BE4D0B1C78}.AppStore|Any CPU.Build.0 = Debug|iPhoneSimulator
		{240C33AA-C58F-49D8-8CC2-87BE4D0B1C78}.AppStore|ARM.ActiveCfg = Debug|iPhoneSimulator
		{240C33AA-C58F-49D8-8CC2-87BE4D0B1C78}.AppStore|ARM.Build.0 = Debug|iPhoneSimulator
		{240C33AA-C58F-49D8-8CC2-87BE4D0B1C78}.AppStore|arm64.ActiveCfg = Debug|iPhoneSimulator
		{240C33AA-C58F-49D8-8CC2-87BE4D0B1C78}.AppStore|arm64.Build.0 = Debug|iPhoneSimulator
		{240C33AA-C58F-49D8-8CC2-87BE4D0B1C78}.AppStore|iPhone.ActiveCfg = Debug|iPhoneSimulator
		{240C33AA-C58F-49D8-8CC2-87BE4D0B1C78}.AppStore|iPhone.Build.0 = Debug|iPhoneSimulator
		{240C33AA-C58F-49D8-8CC2-87BE4D0B1C78}.AppStore|iPhoneSimulator.ActiveCfg = Debug|iPhoneSimulator
		{240C33AA-C58F-49D8-8CC2-87BE4D0B1C78}.AppStore|iPhoneSimulator.Build.0 = Debug|iPhoneSimulator
		{240C33AA-C58F-49D8-8CC2-87BE4D0B1C78}.AppStore|x64.ActiveCfg = Debug|iPhoneSimulator
		{240C33AA-C58F-49D8-8CC2-87BE4D0B1C78}.AppStore|x64.Build.0 = Debug|iPhoneSimulator
		{240C33AA-C58F-49D8-8CC2-87BE4D0B1C78}.AppStore|x86.ActiveCfg = Debug|iPhoneSimulator
		{240C33AA-C58F-49D8-8CC2-87BE4D0B1C78}.AppStore|x86.Build.0 = Debug|iPhoneSimulator
		{240C33AA-C58F-49D8-8CC2-87BE4D0B1C78}.Debug|Any CPU.ActiveCfg = Debug|iPhoneSimulator
		{240C33AA-C58F-49D8-8CC2-87BE4D0B1C78}.Debug|ARM.ActiveCfg = Debug|iPhoneSimulator
		{240C33AA-C58F-49D8-8CC2-87BE4D0B1C78}.Debug|arm64.ActiveCfg = Debug|iPhoneSimulator
		{240C33AA-C58F-49D8-8CC2-87BE4D0B1C78}.Debug|iPhone.ActiveCfg = Debug|iPhoneSimulator
		{240C33AA-C58F-49D8-8CC2-87BE4D0B1C78}.Debug|iPhoneSimulator.ActiveCfg = Debug|iPhoneSimulator
		{240C33AA-C58F-49D8-8CC2-87BE4D0B1C78}.Debug|iPhoneSimulator.Build.0 = Debug|iPhoneSimulator
		{240C33AA-C58F-49D8-8CC2-87BE4D0B1C78}.Debug|x64.ActiveCfg = Debug|iPhoneSimulator
		{240C33AA-C58F-49D8-8CC2-87BE4D0B1C78}.Debug|x86.ActiveCfg = Debug|iPhoneSimulator
		{240C33AA-C58F-49D8-8CC2-87BE4D0B1C78}.Release|Any CPU.ActiveCfg = Release|iPhoneSimulator
		{240C33AA-C58F-49D8-8CC2-87BE4D0B1C78}.Release|ARM.ActiveCfg = Release|iPhoneSimulator
		{240C33AA-C58F-49D8-8CC2-87BE4D0B1C78}.Release|arm64.ActiveCfg = Release|iPhoneSimulator
		{240C33AA-C58F-49D8-8CC2-87BE4D0B1C78}.Release|iPhone.ActiveCfg = Release|iPhoneSimulator
		{240C33AA-C58F-49D8-8CC2-87BE4D0B1C78}.Release|iPhoneSimulator.ActiveCfg = Release|iPhoneSimulator
		{240C33AA-C58F-49D8-8CC2-87BE4D0B1C78}.Release|iPhoneSimulator.Build.0 = Release|iPhoneSimulator
		{240C33AA-C58F-49D8-8CC2-87BE4D0B1C78}.Release|x64.ActiveCfg = Release|iPhoneSimulator
		{240C33AA-C58F-49D8-8CC2-87BE4D0B1C78}.Release|x86.ActiveCfg = Release|iPhoneSimulator
		{FE3CE93E-12BE-46CE-B060-3F5FA05CDF4D}.Ad-Hoc|Any CPU.ActiveCfg = Debug|Any CPU
		{FE3CE93E-12BE-46CE-B060-3F5FA05CDF4D}.Ad-Hoc|Any CPU.Build.0 = Debug|Any CPU
		{FE3CE93E-12BE-46CE-B060-3F5FA05CDF4D}.Ad-Hoc|ARM.ActiveCfg = Debug|Any CPU
		{FE3CE93E-12BE-46CE-B060-3F5FA05CDF4D}.Ad-Hoc|ARM.Build.0 = Debug|Any CPU
		{FE3CE93E-12BE-46CE-B060-3F5FA05CDF4D}.Ad-Hoc|arm64.ActiveCfg = Debug|Any CPU
		{FE3CE93E-12BE-46CE-B060-3F5FA05CDF4D}.Ad-Hoc|arm64.Build.0 = Debug|Any CPU
		{FE3CE93E-12BE-46CE-B060-3F5FA05CDF4D}.Ad-Hoc|iPhone.ActiveCfg = Debug|Any CPU
		{FE3CE93E-12BE-46CE-B060-3F5FA05CDF4D}.Ad-Hoc|iPhone.Build.0 = Debug|Any CPU
		{FE3CE93E-12BE-46CE-B060-3F5FA05CDF4D}.Ad-Hoc|iPhoneSimulator.ActiveCfg = Debug|Any CPU
		{FE3CE93E-12BE-46CE-B060-3F5FA05CDF4D}.Ad-Hoc|iPhoneSimulator.Build.0 = Debug|Any CPU
		{FE3CE93E-12BE-46CE-B060-3F5FA05CDF4D}.Ad-Hoc|x64.ActiveCfg = Debug|Any CPU
		{FE3CE93E-12BE-46CE-B060-3F5FA05CDF4D}.Ad-Hoc|x64.Build.0 = Debug|Any CPU
		{FE3CE93E-12BE-46CE-B060-3F5FA05CDF4D}.Ad-Hoc|x86.ActiveCfg = Debug|Any CPU
		{FE3CE93E-12BE-46CE-B060-3F5FA05CDF4D}.Ad-Hoc|x86.Build.0 = Debug|Any CPU
		{FE3CE93E-12BE-46CE-B060-3F5FA05CDF4D}.AppStore|Any CPU.ActiveCfg = Debug|Any CPU
		{FE3CE93E-12BE-46CE-B060-3F5FA05CDF4D}.AppStore|Any CPU.Build.0 = Debug|Any CPU
		{FE3CE93E-12BE-46CE-B060-3F5FA05CDF4D}.AppStore|ARM.ActiveCfg = Debug|Any CPU
		{FE3CE93E-12BE-46CE-B060-3F5FA05CDF4D}.AppStore|ARM.Build.0 = Debug|Any CPU
		{FE3CE93E-12BE-46CE-B060-3F5FA05CDF4D}.AppStore|arm64.ActiveCfg = Debug|Any CPU
		{FE3CE93E-12BE-46CE-B060-3F5FA05CDF4D}.AppStore|arm64.Build.0 = Debug|Any CPU
		{FE3CE93E-12BE-46CE-B060-3F5FA05CDF4D}.AppStore|iPhone.ActiveCfg = Debug|Any CPU
		{FE3CE93E-12BE-46CE-B060-3F5FA05CDF4D}.AppStore|iPhone.Build.0 = Debug|Any CPU
		{FE3CE93E-12BE-46CE-B060-3F5FA05CDF4D}.AppStore|iPhoneSimulator.ActiveCfg = Debug|Any CPU
		{FE3CE93E-12BE-46CE-B060-3F5FA05CDF4D}.AppStore|iPhoneSimulator.Build.0 = Debug|Any CPU
		{FE3CE93E-12BE-46CE-B060-3F5FA05CDF4D}.AppStore|x64.ActiveCfg = Debug|Any CPU
		{FE3CE93E-12BE-46CE-B060-3F5FA05CDF4D}.AppStore|x64.Build.0 = Debug|Any CPU
		{FE3CE93E-12BE-46CE-B060-3F5FA05CDF4D}.AppStore|x86.ActiveCfg = Debug|Any CPU
		{FE3CE93E-12BE-46CE-B060-3F5FA05CDF4D}.AppStore|x86.Build.0 = Debug|Any CPU
		{FE3CE93E-12BE-46CE-B060-3F5FA05CDF4D}.Debug|Any CPU.ActiveCfg = Debug|Any CPU
		{FE3CE93E-12BE-46CE-B060-3F5FA05CDF4D}.Debug|Any CPU.Build.0 = Debug|Any CPU
		{FE3CE93E-12BE-46CE-B060-3F5FA05CDF4D}.Debug|ARM.ActiveCfg = Debug|Any CPU
		{FE3CE93E-12BE-46CE-B060-3F5FA05CDF4D}.Debug|ARM.Build.0 = Debug|Any CPU
		{FE3CE93E-12BE-46CE-B060-3F5FA05CDF4D}.Debug|arm64.ActiveCfg = Debug|Any CPU
		{FE3CE93E-12BE-46CE-B060-3F5FA05CDF4D}.Debug|arm64.Build.0 = Debug|Any CPU
		{FE3CE93E-12BE-46CE-B060-3F5FA05CDF4D}.Debug|iPhone.ActiveCfg = Debug|Any CPU
		{FE3CE93E-12BE-46CE-B060-3F5FA05CDF4D}.Debug|iPhone.Build.0 = Debug|Any CPU
		{FE3CE93E-12BE-46CE-B060-3F5FA05CDF4D}.Debug|iPhoneSimulator.ActiveCfg = Debug|Any CPU
		{FE3CE93E-12BE-46CE-B060-3F5FA05CDF4D}.Debug|iPhoneSimulator.Build.0 = Debug|Any CPU
		{FE3CE93E-12BE-46CE-B060-3F5FA05CDF4D}.Debug|x64.ActiveCfg = Debug|Any CPU
		{FE3CE93E-12BE-46CE-B060-3F5FA05CDF4D}.Debug|x64.Build.0 = Debug|Any CPU
		{FE3CE93E-12BE-46CE-B060-3F5FA05CDF4D}.Debug|x86.ActiveCfg = Debug|Any CPU
		{FE3CE93E-12BE-46CE-B060-3F5FA05CDF4D}.Debug|x86.Build.0 = Debug|Any CPU
		{FE3CE93E-12BE-46CE-B060-3F5FA05CDF4D}.Release|Any CPU.ActiveCfg = Release|Any CPU
		{FE3CE93E-12BE-46CE-B060-3F5FA05CDF4D}.Release|Any CPU.Build.0 = Release|Any CPU
		{FE3CE93E-12BE-46CE-B060-3F5FA05CDF4D}.Release|ARM.ActiveCfg = Release|Any CPU
		{FE3CE93E-12BE-46CE-B060-3F5FA05CDF4D}.Release|ARM.Build.0 = Release|Any CPU
		{FE3CE93E-12BE-46CE-B060-3F5FA05CDF4D}.Release|arm64.ActiveCfg = Release|Any CPU
		{FE3CE93E-12BE-46CE-B060-3F5FA05CDF4D}.Release|arm64.Build.0 = Release|Any CPU
		{FE3CE93E-12BE-46CE-B060-3F5FA05CDF4D}.Release|iPhone.ActiveCfg = Release|Any CPU
		{FE3CE93E-12BE-46CE-B060-3F5FA05CDF4D}.Release|iPhone.Build.0 = Release|Any CPU
		{FE3CE93E-12BE-46CE-B060-3F5FA05CDF4D}.Release|iPhoneSimulator.ActiveCfg = Release|Any CPU
		{FE3CE93E-12BE-46CE-B060-3F5FA05CDF4D}.Release|iPhoneSimulator.Build.0 = Release|Any CPU
		{FE3CE93E-12BE-46CE-B060-3F5FA05CDF4D}.Release|x64.ActiveCfg = Release|Any CPU
		{FE3CE93E-12BE-46CE-B060-3F5FA05CDF4D}.Release|x64.Build.0 = Release|Any CPU
		{FE3CE93E-12BE-46CE-B060-3F5FA05CDF4D}.Release|x86.ActiveCfg = Release|Any CPU
		{FE3CE93E-12BE-46CE-B060-3F5FA05CDF4D}.Release|x86.Build.0 = Release|Any CPU
		{21242DCD-8BA0-4245-A226-C3DDBFF6760A}.Ad-Hoc|Any CPU.ActiveCfg = Debug|Any CPU
		{21242DCD-8BA0-4245-A226-C3DDBFF6760A}.Ad-Hoc|Any CPU.Build.0 = Debug|Any CPU
		{21242DCD-8BA0-4245-A226-C3DDBFF6760A}.Ad-Hoc|ARM.ActiveCfg = Debug|Any CPU
		{21242DCD-8BA0-4245-A226-C3DDBFF6760A}.Ad-Hoc|ARM.Build.0 = Debug|Any CPU
		{21242DCD-8BA0-4245-A226-C3DDBFF6760A}.Ad-Hoc|arm64.ActiveCfg = Debug|Any CPU
		{21242DCD-8BA0-4245-A226-C3DDBFF6760A}.Ad-Hoc|arm64.Build.0 = Debug|Any CPU
		{21242DCD-8BA0-4245-A226-C3DDBFF6760A}.Ad-Hoc|iPhone.ActiveCfg = Debug|Any CPU
		{21242DCD-8BA0-4245-A226-C3DDBFF6760A}.Ad-Hoc|iPhone.Build.0 = Debug|Any CPU
		{21242DCD-8BA0-4245-A226-C3DDBFF6760A}.Ad-Hoc|iPhoneSimulator.ActiveCfg = Debug|Any CPU
		{21242DCD-8BA0-4245-A226-C3DDBFF6760A}.Ad-Hoc|iPhoneSimulator.Build.0 = Debug|Any CPU
		{21242DCD-8BA0-4245-A226-C3DDBFF6760A}.Ad-Hoc|x64.ActiveCfg = Debug|Any CPU
		{21242DCD-8BA0-4245-A226-C3DDBFF6760A}.Ad-Hoc|x64.Build.0 = Debug|Any CPU
		{21242DCD-8BA0-4245-A226-C3DDBFF6760A}.Ad-Hoc|x86.ActiveCfg = Debug|Any CPU
		{21242DCD-8BA0-4245-A226-C3DDBFF6760A}.Ad-Hoc|x86.Build.0 = Debug|Any CPU
		{21242DCD-8BA0-4245-A226-C3DDBFF6760A}.AppStore|Any CPU.ActiveCfg = Debug|Any CPU
		{21242DCD-8BA0-4245-A226-C3DDBFF6760A}.AppStore|Any CPU.Build.0 = Debug|Any CPU
		{21242DCD-8BA0-4245-A226-C3DDBFF6760A}.AppStore|ARM.ActiveCfg = Debug|Any CPU
		{21242DCD-8BA0-4245-A226-C3DDBFF6760A}.AppStore|ARM.Build.0 = Debug|Any CPU
		{21242DCD-8BA0-4245-A226-C3DDBFF6760A}.AppStore|arm64.ActiveCfg = Debug|Any CPU
		{21242DCD-8BA0-4245-A226-C3DDBFF6760A}.AppStore|arm64.Build.0 = Debug|Any CPU
		{21242DCD-8BA0-4245-A226-C3DDBFF6760A}.AppStore|iPhone.ActiveCfg = Debug|Any CPU
		{21242DCD-8BA0-4245-A226-C3DDBFF6760A}.AppStore|iPhone.Build.0 = Debug|Any CPU
		{21242DCD-8BA0-4245-A226-C3DDBFF6760A}.AppStore|iPhoneSimulator.ActiveCfg = Debug|Any CPU
		{21242DCD-8BA0-4245-A226-C3DDBFF6760A}.AppStore|iPhoneSimulator.Build.0 = Debug|Any CPU
		{21242DCD-8BA0-4245-A226-C3DDBFF6760A}.AppStore|x64.ActiveCfg = Debug|Any CPU
		{21242DCD-8BA0-4245-A226-C3DDBFF6760A}.AppStore|x64.Build.0 = Debug|Any CPU
		{21242DCD-8BA0-4245-A226-C3DDBFF6760A}.AppStore|x86.ActiveCfg = Debug|Any CPU
		{21242DCD-8BA0-4245-A226-C3DDBFF6760A}.AppStore|x86.Build.0 = Debug|Any CPU
		{21242DCD-8BA0-4245-A226-C3DDBFF6760A}.Debug|Any CPU.ActiveCfg = Debug|Any CPU
		{21242DCD-8BA0-4245-A226-C3DDBFF6760A}.Debug|Any CPU.Build.0 = Debug|Any CPU
		{21242DCD-8BA0-4245-A226-C3DDBFF6760A}.Debug|ARM.ActiveCfg = Debug|Any CPU
		{21242DCD-8BA0-4245-A226-C3DDBFF6760A}.Debug|ARM.Build.0 = Debug|Any CPU
		{21242DCD-8BA0-4245-A226-C3DDBFF6760A}.Debug|arm64.ActiveCfg = Debug|Any CPU
		{21242DCD-8BA0-4245-A226-C3DDBFF6760A}.Debug|arm64.Build.0 = Debug|Any CPU
		{21242DCD-8BA0-4245-A226-C3DDBFF6760A}.Debug|iPhone.ActiveCfg = Debug|Any CPU
		{21242DCD-8BA0-4245-A226-C3DDBFF6760A}.Debug|iPhone.Build.0 = Debug|Any CPU
		{21242DCD-8BA0-4245-A226-C3DDBFF6760A}.Debug|iPhoneSimulator.ActiveCfg = Debug|Any CPU
		{21242DCD-8BA0-4245-A226-C3DDBFF6760A}.Debug|iPhoneSimulator.Build.0 = Debug|Any CPU
		{21242DCD-8BA0-4245-A226-C3DDBFF6760A}.Debug|x64.ActiveCfg = Debug|Any CPU
		{21242DCD-8BA0-4245-A226-C3DDBFF6760A}.Debug|x64.Build.0 = Debug|Any CPU
		{21242DCD-8BA0-4245-A226-C3DDBFF6760A}.Debug|x86.ActiveCfg = Debug|Any CPU
		{21242DCD-8BA0-4245-A226-C3DDBFF6760A}.Debug|x86.Build.0 = Debug|Any CPU
		{21242DCD-8BA0-4245-A226-C3DDBFF6760A}.Release|Any CPU.ActiveCfg = Release|Any CPU
		{21242DCD-8BA0-4245-A226-C3DDBFF6760A}.Release|Any CPU.Build.0 = Release|Any CPU
		{21242DCD-8BA0-4245-A226-C3DDBFF6760A}.Release|ARM.ActiveCfg = Release|Any CPU
		{21242DCD-8BA0-4245-A226-C3DDBFF6760A}.Release|ARM.Build.0 = Release|Any CPU
		{21242DCD-8BA0-4245-A226-C3DDBFF6760A}.Release|arm64.ActiveCfg = Release|Any CPU
		{21242DCD-8BA0-4245-A226-C3DDBFF6760A}.Release|arm64.Build.0 = Release|Any CPU
		{21242DCD-8BA0-4245-A226-C3DDBFF6760A}.Release|iPhone.ActiveCfg = Release|Any CPU
		{21242DCD-8BA0-4245-A226-C3DDBFF6760A}.Release|iPhone.Build.0 = Release|Any CPU
		{21242DCD-8BA0-4245-A226-C3DDBFF6760A}.Release|iPhoneSimulator.ActiveCfg = Release|Any CPU
		{21242DCD-8BA0-4245-A226-C3DDBFF6760A}.Release|iPhoneSimulator.Build.0 = Release|Any CPU
		{21242DCD-8BA0-4245-A226-C3DDBFF6760A}.Release|x64.ActiveCfg = Release|Any CPU
		{21242DCD-8BA0-4245-A226-C3DDBFF6760A}.Release|x64.Build.0 = Release|Any CPU
		{21242DCD-8BA0-4245-A226-C3DDBFF6760A}.Release|x86.ActiveCfg = Release|Any CPU
		{21242DCD-8BA0-4245-A226-C3DDBFF6760A}.Release|x86.Build.0 = Release|Any CPU
		{3B42A499-8310-437C-B601-868709B02FB6}.Ad-Hoc|Any CPU.ActiveCfg = Debug|Any CPU
		{3B42A499-8310-437C-B601-868709B02FB6}.Ad-Hoc|Any CPU.Build.0 = Debug|Any CPU
		{3B42A499-8310-437C-B601-868709B02FB6}.Ad-Hoc|ARM.ActiveCfg = Debug|Any CPU
		{3B42A499-8310-437C-B601-868709B02FB6}.Ad-Hoc|ARM.Build.0 = Debug|Any CPU
		{3B42A499-8310-437C-B601-868709B02FB6}.Ad-Hoc|arm64.ActiveCfg = Debug|Any CPU
		{3B42A499-8310-437C-B601-868709B02FB6}.Ad-Hoc|arm64.Build.0 = Debug|Any CPU
		{3B42A499-8310-437C-B601-868709B02FB6}.Ad-Hoc|iPhone.ActiveCfg = Debug|Any CPU
		{3B42A499-8310-437C-B601-868709B02FB6}.Ad-Hoc|iPhone.Build.0 = Debug|Any CPU
		{3B42A499-8310-437C-B601-868709B02FB6}.Ad-Hoc|iPhoneSimulator.ActiveCfg = Debug|Any CPU
		{3B42A499-8310-437C-B601-868709B02FB6}.Ad-Hoc|iPhoneSimulator.Build.0 = Debug|Any CPU
		{3B42A499-8310-437C-B601-868709B02FB6}.Ad-Hoc|x64.ActiveCfg = Debug|Any CPU
		{3B42A499-8310-437C-B601-868709B02FB6}.Ad-Hoc|x64.Build.0 = Debug|Any CPU
		{3B42A499-8310-437C-B601-868709B02FB6}.Ad-Hoc|x86.ActiveCfg = Debug|Any CPU
		{3B42A499-8310-437C-B601-868709B02FB6}.Ad-Hoc|x86.Build.0 = Debug|Any CPU
		{3B42A499-8310-437C-B601-868709B02FB6}.AppStore|Any CPU.ActiveCfg = Debug|Any CPU
		{3B42A499-8310-437C-B601-868709B02FB6}.AppStore|Any CPU.Build.0 = Debug|Any CPU
		{3B42A499-8310-437C-B601-868709B02FB6}.AppStore|ARM.ActiveCfg = Debug|Any CPU
		{3B42A499-8310-437C-B601-868709B02FB6}.AppStore|ARM.Build.0 = Debug|Any CPU
		{3B42A499-8310-437C-B601-868709B02FB6}.AppStore|arm64.ActiveCfg = Debug|Any CPU
		{3B42A499-8310-437C-B601-868709B02FB6}.AppStore|arm64.Build.0 = Debug|Any CPU
		{3B42A499-8310-437C-B601-868709B02FB6}.AppStore|iPhone.ActiveCfg = Debug|Any CPU
		{3B42A499-8310-437C-B601-868709B02FB6}.AppStore|iPhone.Build.0 = Debug|Any CPU
		{3B42A499-8310-437C-B601-868709B02FB6}.AppStore|iPhoneSimulator.ActiveCfg = Debug|Any CPU
		{3B42A499-8310-437C-B601-868709B02FB6}.AppStore|iPhoneSimulator.Build.0 = Debug|Any CPU
		{3B42A499-8310-437C-B601-868709B02FB6}.AppStore|x64.ActiveCfg = Debug|Any CPU
		{3B42A499-8310-437C-B601-868709B02FB6}.AppStore|x64.Build.0 = Debug|Any CPU
		{3B42A499-8310-437C-B601-868709B02FB6}.AppStore|x86.ActiveCfg = Debug|Any CPU
		{3B42A499-8310-437C-B601-868709B02FB6}.AppStore|x86.Build.0 = Debug|Any CPU
		{3B42A499-8310-437C-B601-868709B02FB6}.Debug|Any CPU.ActiveCfg = Debug|Any CPU
		{3B42A499-8310-437C-B601-868709B02FB6}.Debug|Any CPU.Build.0 = Debug|Any CPU
		{3B42A499-8310-437C-B601-868709B02FB6}.Debug|ARM.ActiveCfg = Debug|Any CPU
		{3B42A499-8310-437C-B601-868709B02FB6}.Debug|ARM.Build.0 = Debug|Any CPU
		{3B42A499-8310-437C-B601-868709B02FB6}.Debug|arm64.ActiveCfg = Debug|Any CPU
		{3B42A499-8310-437C-B601-868709B02FB6}.Debug|arm64.Build.0 = Debug|Any CPU
		{3B42A499-8310-437C-B601-868709B02FB6}.Debug|iPhone.ActiveCfg = Debug|Any CPU
		{3B42A499-8310-437C-B601-868709B02FB6}.Debug|iPhone.Build.0 = Debug|Any CPU
		{3B42A499-8310-437C-B601-868709B02FB6}.Debug|iPhoneSimulator.ActiveCfg = Debug|Any CPU
		{3B42A499-8310-437C-B601-868709B02FB6}.Debug|iPhoneSimulator.Build.0 = Debug|Any CPU
		{3B42A499-8310-437C-B601-868709B02FB6}.Debug|x64.ActiveCfg = Debug|Any CPU
		{3B42A499-8310-437C-B601-868709B02FB6}.Debug|x64.Build.0 = Debug|Any CPU
		{3B42A499-8310-437C-B601-868709B02FB6}.Debug|x86.ActiveCfg = Debug|Any CPU
		{3B42A499-8310-437C-B601-868709B02FB6}.Debug|x86.Build.0 = Debug|Any CPU
		{3B42A499-8310-437C-B601-868709B02FB6}.Release|Any CPU.ActiveCfg = Release|Any CPU
		{3B42A499-8310-437C-B601-868709B02FB6}.Release|Any CPU.Build.0 = Release|Any CPU
		{3B42A499-8310-437C-B601-868709B02FB6}.Release|ARM.ActiveCfg = Release|Any CPU
		{3B42A499-8310-437C-B601-868709B02FB6}.Release|ARM.Build.0 = Release|Any CPU
		{3B42A499-8310-437C-B601-868709B02FB6}.Release|arm64.ActiveCfg = Release|Any CPU
		{3B42A499-8310-437C-B601-868709B02FB6}.Release|arm64.Build.0 = Release|Any CPU
		{3B42A499-8310-437C-B601-868709B02FB6}.Release|iPhone.ActiveCfg = Release|Any CPU
		{3B42A499-8310-437C-B601-868709B02FB6}.Release|iPhone.Build.0 = Release|Any CPU
		{3B42A499-8310-437C-B601-868709B02FB6}.Release|iPhoneSimulator.ActiveCfg = Release|Any CPU
		{3B42A499-8310-437C-B601-868709B02FB6}.Release|iPhoneSimulator.Build.0 = Release|Any CPU
		{3B42A499-8310-437C-B601-868709B02FB6}.Release|x64.ActiveCfg = Release|Any CPU
		{3B42A499-8310-437C-B601-868709B02FB6}.Release|x64.Build.0 = Release|Any CPU
		{3B42A499-8310-437C-B601-868709B02FB6}.Release|x86.ActiveCfg = Release|Any CPU
		{3B42A499-8310-437C-B601-868709B02FB6}.Release|x86.Build.0 = Release|Any CPU
		{127F8D1B-BD86-410D-A875-B40DC15B9543}.Ad-Hoc|Any CPU.ActiveCfg = Debug|Any CPU
		{127F8D1B-BD86-410D-A875-B40DC15B9543}.Ad-Hoc|Any CPU.Build.0 = Debug|Any CPU
		{127F8D1B-BD86-410D-A875-B40DC15B9543}.Ad-Hoc|ARM.ActiveCfg = Debug|Any CPU
		{127F8D1B-BD86-410D-A875-B40DC15B9543}.Ad-Hoc|ARM.Build.0 = Debug|Any CPU
		{127F8D1B-BD86-410D-A875-B40DC15B9543}.Ad-Hoc|arm64.ActiveCfg = Debug|Any CPU
		{127F8D1B-BD86-410D-A875-B40DC15B9543}.Ad-Hoc|arm64.Build.0 = Debug|Any CPU
		{127F8D1B-BD86-410D-A875-B40DC15B9543}.Ad-Hoc|iPhone.ActiveCfg = Debug|Any CPU
		{127F8D1B-BD86-410D-A875-B40DC15B9543}.Ad-Hoc|iPhone.Build.0 = Debug|Any CPU
		{127F8D1B-BD86-410D-A875-B40DC15B9543}.Ad-Hoc|iPhoneSimulator.ActiveCfg = Debug|Any CPU
		{127F8D1B-BD86-410D-A875-B40DC15B9543}.Ad-Hoc|iPhoneSimulator.Build.0 = Debug|Any CPU
		{127F8D1B-BD86-410D-A875-B40DC15B9543}.Ad-Hoc|x64.ActiveCfg = Debug|Any CPU
		{127F8D1B-BD86-410D-A875-B40DC15B9543}.Ad-Hoc|x64.Build.0 = Debug|Any CPU
		{127F8D1B-BD86-410D-A875-B40DC15B9543}.Ad-Hoc|x86.ActiveCfg = Debug|Any CPU
		{127F8D1B-BD86-410D-A875-B40DC15B9543}.Ad-Hoc|x86.Build.0 = Debug|Any CPU
		{127F8D1B-BD86-410D-A875-B40DC15B9543}.AppStore|Any CPU.ActiveCfg = Debug|Any CPU
		{127F8D1B-BD86-410D-A875-B40DC15B9543}.AppStore|Any CPU.Build.0 = Debug|Any CPU
		{127F8D1B-BD86-410D-A875-B40DC15B9543}.AppStore|ARM.ActiveCfg = Debug|Any CPU
		{127F8D1B-BD86-410D-A875-B40DC15B9543}.AppStore|ARM.Build.0 = Debug|Any CPU
		{127F8D1B-BD86-410D-A875-B40DC15B9543}.AppStore|arm64.ActiveCfg = Debug|Any CPU
		{127F8D1B-BD86-410D-A875-B40DC15B9543}.AppStore|arm64.Build.0 = Debug|Any CPU
		{127F8D1B-BD86-410D-A875-B40DC15B9543}.AppStore|iPhone.ActiveCfg = Debug|Any CPU
		{127F8D1B-BD86-410D-A875-B40DC15B9543}.AppStore|iPhone.Build.0 = Debug|Any CPU
		{127F8D1B-BD86-410D-A875-B40DC15B9543}.AppStore|iPhoneSimulator.ActiveCfg = Debug|Any CPU
		{127F8D1B-BD86-410D-A875-B40DC15B9543}.AppStore|iPhoneSimulator.Build.0 = Debug|Any CPU
		{127F8D1B-BD86-410D-A875-B40DC15B9543}.AppStore|x64.ActiveCfg = Debug|Any CPU
		{127F8D1B-BD86-410D-A875-B40DC15B9543}.AppStore|x64.Build.0 = Debug|Any CPU
		{127F8D1B-BD86-410D-A875-B40DC15B9543}.AppStore|x86.ActiveCfg = Debug|Any CPU
		{127F8D1B-BD86-410D-A875-B40DC15B9543}.AppStore|x86.Build.0 = Debug|Any CPU
		{127F8D1B-BD86-410D-A875-B40DC15B9543}.Debug|Any CPU.ActiveCfg = Debug|Any CPU
		{127F8D1B-BD86-410D-A875-B40DC15B9543}.Debug|Any CPU.Build.0 = Debug|Any CPU
		{127F8D1B-BD86-410D-A875-B40DC15B9543}.Debug|ARM.ActiveCfg = Debug|Any CPU
		{127F8D1B-BD86-410D-A875-B40DC15B9543}.Debug|ARM.Build.0 = Debug|Any CPU
		{127F8D1B-BD86-410D-A875-B40DC15B9543}.Debug|arm64.ActiveCfg = Debug|Any CPU
		{127F8D1B-BD86-410D-A875-B40DC15B9543}.Debug|arm64.Build.0 = Debug|Any CPU
		{127F8D1B-BD86-410D-A875-B40DC15B9543}.Debug|iPhone.ActiveCfg = Debug|Any CPU
		{127F8D1B-BD86-410D-A875-B40DC15B9543}.Debug|iPhone.Build.0 = Debug|Any CPU
		{127F8D1B-BD86-410D-A875-B40DC15B9543}.Debug|iPhoneSimulator.ActiveCfg = Debug|Any CPU
		{127F8D1B-BD86-410D-A875-B40DC15B9543}.Debug|iPhoneSimulator.Build.0 = Debug|Any CPU
		{127F8D1B-BD86-410D-A875-B40DC15B9543}.Debug|x64.ActiveCfg = Debug|Any CPU
		{127F8D1B-BD86-410D-A875-B40DC15B9543}.Debug|x64.Build.0 = Debug|Any CPU
		{127F8D1B-BD86-410D-A875-B40DC15B9543}.Debug|x86.ActiveCfg = Debug|Any CPU
		{127F8D1B-BD86-410D-A875-B40DC15B9543}.Debug|x86.Build.0 = Debug|Any CPU
		{127F8D1B-BD86-410D-A875-B40DC15B9543}.Release|Any CPU.ActiveCfg = Release|Any CPU
		{127F8D1B-BD86-410D-A875-B40DC15B9543}.Release|Any CPU.Build.0 = Release|Any CPU
		{127F8D1B-BD86-410D-A875-B40DC15B9543}.Release|ARM.ActiveCfg = Release|Any CPU
		{127F8D1B-BD86-410D-A875-B40DC15B9543}.Release|ARM.Build.0 = Release|Any CPU
		{127F8D1B-BD86-410D-A875-B40DC15B9543}.Release|arm64.ActiveCfg = Release|Any CPU
		{127F8D1B-BD86-410D-A875-B40DC15B9543}.Release|arm64.Build.0 = Release|Any CPU
		{127F8D1B-BD86-410D-A875-B40DC15B9543}.Release|iPhone.ActiveCfg = Release|Any CPU
		{127F8D1B-BD86-410D-A875-B40DC15B9543}.Release|iPhone.Build.0 = Release|Any CPU
		{127F8D1B-BD86-410D-A875-B40DC15B9543}.Release|iPhoneSimulator.ActiveCfg = Release|Any CPU
		{127F8D1B-BD86-410D-A875-B40DC15B9543}.Release|iPhoneSimulator.Build.0 = Release|Any CPU
		{127F8D1B-BD86-410D-A875-B40DC15B9543}.Release|x64.ActiveCfg = Release|Any CPU
		{127F8D1B-BD86-410D-A875-B40DC15B9543}.Release|x64.Build.0 = Release|Any CPU
		{127F8D1B-BD86-410D-A875-B40DC15B9543}.Release|x86.ActiveCfg = Release|Any CPU
		{127F8D1B-BD86-410D-A875-B40DC15B9543}.Release|x86.Build.0 = Release|Any CPU
		{10A18360-64D7-49FD-8AD7-4B99ABF3CBB1}.Ad-Hoc|Any CPU.ActiveCfg = Debug|Any CPU
		{10A18360-64D7-49FD-8AD7-4B99ABF3CBB1}.Ad-Hoc|Any CPU.Build.0 = Debug|Any CPU
		{10A18360-64D7-49FD-8AD7-4B99ABF3CBB1}.Ad-Hoc|ARM.ActiveCfg = Debug|Any CPU
		{10A18360-64D7-49FD-8AD7-4B99ABF3CBB1}.Ad-Hoc|ARM.Build.0 = Debug|Any CPU
		{10A18360-64D7-49FD-8AD7-4B99ABF3CBB1}.Ad-Hoc|arm64.ActiveCfg = Debug|Any CPU
		{10A18360-64D7-49FD-8AD7-4B99ABF3CBB1}.Ad-Hoc|arm64.Build.0 = Debug|Any CPU
		{10A18360-64D7-49FD-8AD7-4B99ABF3CBB1}.Ad-Hoc|iPhone.ActiveCfg = Debug|Any CPU
		{10A18360-64D7-49FD-8AD7-4B99ABF3CBB1}.Ad-Hoc|iPhone.Build.0 = Debug|Any CPU
		{10A18360-64D7-49FD-8AD7-4B99ABF3CBB1}.Ad-Hoc|iPhoneSimulator.ActiveCfg = Debug|Any CPU
		{10A18360-64D7-49FD-8AD7-4B99ABF3CBB1}.Ad-Hoc|iPhoneSimulator.Build.0 = Debug|Any CPU
		{10A18360-64D7-49FD-8AD7-4B99ABF3CBB1}.Ad-Hoc|x64.ActiveCfg = Debug|Any CPU
		{10A18360-64D7-49FD-8AD7-4B99ABF3CBB1}.Ad-Hoc|x64.Build.0 = Debug|Any CPU
		{10A18360-64D7-49FD-8AD7-4B99ABF3CBB1}.Ad-Hoc|x86.ActiveCfg = Debug|Any CPU
		{10A18360-64D7-49FD-8AD7-4B99ABF3CBB1}.Ad-Hoc|x86.Build.0 = Debug|Any CPU
		{10A18360-64D7-49FD-8AD7-4B99ABF3CBB1}.AppStore|Any CPU.ActiveCfg = Debug|Any CPU
		{10A18360-64D7-49FD-8AD7-4B99ABF3CBB1}.AppStore|Any CPU.Build.0 = Debug|Any CPU
		{10A18360-64D7-49FD-8AD7-4B99ABF3CBB1}.AppStore|ARM.ActiveCfg = Debug|Any CPU
		{10A18360-64D7-49FD-8AD7-4B99ABF3CBB1}.AppStore|ARM.Build.0 = Debug|Any CPU
		{10A18360-64D7-49FD-8AD7-4B99ABF3CBB1}.AppStore|arm64.ActiveCfg = Debug|Any CPU
		{10A18360-64D7-49FD-8AD7-4B99ABF3CBB1}.AppStore|arm64.Build.0 = Debug|Any CPU
		{10A18360-64D7-49FD-8AD7-4B99ABF3CBB1}.AppStore|iPhone.ActiveCfg = Debug|Any CPU
		{10A18360-64D7-49FD-8AD7-4B99ABF3CBB1}.AppStore|iPhone.Build.0 = Debug|Any CPU
		{10A18360-64D7-49FD-8AD7-4B99ABF3CBB1}.AppStore|iPhoneSimulator.ActiveCfg = Debug|Any CPU
		{10A18360-64D7-49FD-8AD7-4B99ABF3CBB1}.AppStore|iPhoneSimulator.Build.0 = Debug|Any CPU
		{10A18360-64D7-49FD-8AD7-4B99ABF3CBB1}.AppStore|x64.ActiveCfg = Debug|Any CPU
		{10A18360-64D7-49FD-8AD7-4B99ABF3CBB1}.AppStore|x64.Build.0 = Debug|Any CPU
		{10A18360-64D7-49FD-8AD7-4B99ABF3CBB1}.AppStore|x86.ActiveCfg = Debug|Any CPU
		{10A18360-64D7-49FD-8AD7-4B99ABF3CBB1}.AppStore|x86.Build.0 = Debug|Any CPU
		{10A18360-64D7-49FD-8AD7-4B99ABF3CBB1}.Debug|Any CPU.ActiveCfg = Debug|Any CPU
		{10A18360-64D7-49FD-8AD7-4B99ABF3CBB1}.Debug|Any CPU.Build.0 = Debug|Any CPU
		{10A18360-64D7-49FD-8AD7-4B99ABF3CBB1}.Debug|ARM.ActiveCfg = Debug|Any CPU
		{10A18360-64D7-49FD-8AD7-4B99ABF3CBB1}.Debug|ARM.Build.0 = Debug|Any CPU
		{10A18360-64D7-49FD-8AD7-4B99ABF3CBB1}.Debug|arm64.ActiveCfg = Debug|Any CPU
		{10A18360-64D7-49FD-8AD7-4B99ABF3CBB1}.Debug|arm64.Build.0 = Debug|Any CPU
		{10A18360-64D7-49FD-8AD7-4B99ABF3CBB1}.Debug|iPhone.ActiveCfg = Debug|Any CPU
		{10A18360-64D7-49FD-8AD7-4B99ABF3CBB1}.Debug|iPhone.Build.0 = Debug|Any CPU
		{10A18360-64D7-49FD-8AD7-4B99ABF3CBB1}.Debug|iPhoneSimulator.ActiveCfg = Debug|Any CPU
		{10A18360-64D7-49FD-8AD7-4B99ABF3CBB1}.Debug|iPhoneSimulator.Build.0 = Debug|Any CPU
		{10A18360-64D7-49FD-8AD7-4B99ABF3CBB1}.Debug|x64.ActiveCfg = Debug|Any CPU
		{10A18360-64D7-49FD-8AD7-4B99ABF3CBB1}.Debug|x64.Build.0 = Debug|Any CPU
		{10A18360-64D7-49FD-8AD7-4B99ABF3CBB1}.Debug|x86.ActiveCfg = Debug|Any CPU
		{10A18360-64D7-49FD-8AD7-4B99ABF3CBB1}.Debug|x86.Build.0 = Debug|Any CPU
		{10A18360-64D7-49FD-8AD7-4B99ABF3CBB1}.Release|Any CPU.ActiveCfg = Release|Any CPU
		{10A18360-64D7-49FD-8AD7-4B99ABF3CBB1}.Release|Any CPU.Build.0 = Release|Any CPU
		{10A18360-64D7-49FD-8AD7-4B99ABF3CBB1}.Release|ARM.ActiveCfg = Release|Any CPU
		{10A18360-64D7-49FD-8AD7-4B99ABF3CBB1}.Release|ARM.Build.0 = Release|Any CPU
		{10A18360-64D7-49FD-8AD7-4B99ABF3CBB1}.Release|arm64.ActiveCfg = Release|Any CPU
		{10A18360-64D7-49FD-8AD7-4B99ABF3CBB1}.Release|arm64.Build.0 = Release|Any CPU
		{10A18360-64D7-49FD-8AD7-4B99ABF3CBB1}.Release|iPhone.ActiveCfg = Release|Any CPU
		{10A18360-64D7-49FD-8AD7-4B99ABF3CBB1}.Release|iPhone.Build.0 = Release|Any CPU
		{10A18360-64D7-49FD-8AD7-4B99ABF3CBB1}.Release|iPhoneSimulator.ActiveCfg = Release|Any CPU
		{10A18360-64D7-49FD-8AD7-4B99ABF3CBB1}.Release|iPhoneSimulator.Build.0 = Release|Any CPU
		{10A18360-64D7-49FD-8AD7-4B99ABF3CBB1}.Release|x64.ActiveCfg = Release|Any CPU
		{10A18360-64D7-49FD-8AD7-4B99ABF3CBB1}.Release|x64.Build.0 = Release|Any CPU
		{10A18360-64D7-49FD-8AD7-4B99ABF3CBB1}.Release|x86.ActiveCfg = Release|Any CPU
		{10A18360-64D7-49FD-8AD7-4B99ABF3CBB1}.Release|x86.Build.0 = Release|Any CPU
		{E857F463-8084-4070-AD25-AB10C12F308A}.Ad-Hoc|Any CPU.ActiveCfg = Debug|Any CPU
		{E857F463-8084-4070-AD25-AB10C12F308A}.Ad-Hoc|Any CPU.Build.0 = Debug|Any CPU
		{E857F463-8084-4070-AD25-AB10C12F308A}.Ad-Hoc|ARM.ActiveCfg = Debug|Any CPU
		{E857F463-8084-4070-AD25-AB10C12F308A}.Ad-Hoc|ARM.Build.0 = Debug|Any CPU
		{E857F463-8084-4070-AD25-AB10C12F308A}.Ad-Hoc|arm64.ActiveCfg = Debug|Any CPU
		{E857F463-8084-4070-AD25-AB10C12F308A}.Ad-Hoc|arm64.Build.0 = Debug|Any CPU
		{E857F463-8084-4070-AD25-AB10C12F308A}.Ad-Hoc|iPhone.ActiveCfg = Debug|Any CPU
		{E857F463-8084-4070-AD25-AB10C12F308A}.Ad-Hoc|iPhone.Build.0 = Debug|Any CPU
		{E857F463-8084-4070-AD25-AB10C12F308A}.Ad-Hoc|iPhoneSimulator.ActiveCfg = Debug|Any CPU
		{E857F463-8084-4070-AD25-AB10C12F308A}.Ad-Hoc|iPhoneSimulator.Build.0 = Debug|Any CPU
		{E857F463-8084-4070-AD25-AB10C12F308A}.Ad-Hoc|x64.ActiveCfg = Debug|Any CPU
		{E857F463-8084-4070-AD25-AB10C12F308A}.Ad-Hoc|x64.Build.0 = Debug|Any CPU
		{E857F463-8084-4070-AD25-AB10C12F308A}.Ad-Hoc|x86.ActiveCfg = Debug|Any CPU
		{E857F463-8084-4070-AD25-AB10C12F308A}.Ad-Hoc|x86.Build.0 = Debug|Any CPU
		{E857F463-8084-4070-AD25-AB10C12F308A}.AppStore|Any CPU.ActiveCfg = Debug|Any CPU
		{E857F463-8084-4070-AD25-AB10C12F308A}.AppStore|Any CPU.Build.0 = Debug|Any CPU
		{E857F463-8084-4070-AD25-AB10C12F308A}.AppStore|ARM.ActiveCfg = Debug|Any CPU
		{E857F463-8084-4070-AD25-AB10C12F308A}.AppStore|ARM.Build.0 = Debug|Any CPU
		{E857F463-8084-4070-AD25-AB10C12F308A}.AppStore|arm64.ActiveCfg = Debug|Any CPU
		{E857F463-8084-4070-AD25-AB10C12F308A}.AppStore|arm64.Build.0 = Debug|Any CPU
		{E857F463-8084-4070-AD25-AB10C12F308A}.AppStore|iPhone.ActiveCfg = Debug|Any CPU
		{E857F463-8084-4070-AD25-AB10C12F308A}.AppStore|iPhone.Build.0 = Debug|Any CPU
		{E857F463-8084-4070-AD25-AB10C12F308A}.AppStore|iPhoneSimulator.ActiveCfg = Debug|Any CPU
		{E857F463-8084-4070-AD25-AB10C12F308A}.AppStore|iPhoneSimulator.Build.0 = Debug|Any CPU
		{E857F463-8084-4070-AD25-AB10C12F308A}.AppStore|x64.ActiveCfg = Debug|Any CPU
		{E857F463-8084-4070-AD25-AB10C12F308A}.AppStore|x64.Build.0 = Debug|Any CPU
		{E857F463-8084-4070-AD25-AB10C12F308A}.AppStore|x86.ActiveCfg = Debug|Any CPU
		{E857F463-8084-4070-AD25-AB10C12F308A}.AppStore|x86.Build.0 = Debug|Any CPU
		{E857F463-8084-4070-AD25-AB10C12F308A}.Debug|Any CPU.ActiveCfg = Debug|Any CPU
		{E857F463-8084-4070-AD25-AB10C12F308A}.Debug|Any CPU.Build.0 = Debug|Any CPU
		{E857F463-8084-4070-AD25-AB10C12F308A}.Debug|ARM.ActiveCfg = Debug|Any CPU
		{E857F463-8084-4070-AD25-AB10C12F308A}.Debug|ARM.Build.0 = Debug|Any CPU
		{E857F463-8084-4070-AD25-AB10C12F308A}.Debug|arm64.ActiveCfg = Debug|Any CPU
		{E857F463-8084-4070-AD25-AB10C12F308A}.Debug|arm64.Build.0 = Debug|Any CPU
		{E857F463-8084-4070-AD25-AB10C12F308A}.Debug|iPhone.ActiveCfg = Debug|Any CPU
		{E857F463-8084-4070-AD25-AB10C12F308A}.Debug|iPhone.Build.0 = Debug|Any CPU
		{E857F463-8084-4070-AD25-AB10C12F308A}.Debug|iPhoneSimulator.ActiveCfg = Debug|Any CPU
		{E857F463-8084-4070-AD25-AB10C12F308A}.Debug|iPhoneSimulator.Build.0 = Debug|Any CPU
		{E857F463-8084-4070-AD25-AB10C12F308A}.Debug|x64.ActiveCfg = Debug|Any CPU
		{E857F463-8084-4070-AD25-AB10C12F308A}.Debug|x64.Build.0 = Debug|Any CPU
		{E857F463-8084-4070-AD25-AB10C12F308A}.Debug|x86.ActiveCfg = Debug|Any CPU
		{E857F463-8084-4070-AD25-AB10C12F308A}.Debug|x86.Build.0 = Debug|Any CPU
		{E857F463-8084-4070-AD25-AB10C12F308A}.Release|Any CPU.ActiveCfg = Release|Any CPU
		{E857F463-8084-4070-AD25-AB10C12F308A}.Release|Any CPU.Build.0 = Release|Any CPU
		{E857F463-8084-4070-AD25-AB10C12F308A}.Release|ARM.ActiveCfg = Release|Any CPU
		{E857F463-8084-4070-AD25-AB10C12F308A}.Release|ARM.Build.0 = Release|Any CPU
		{E857F463-8084-4070-AD25-AB10C12F308A}.Release|arm64.ActiveCfg = Release|Any CPU
		{E857F463-8084-4070-AD25-AB10C12F308A}.Release|arm64.Build.0 = Release|Any CPU
		{E857F463-8084-4070-AD25-AB10C12F308A}.Release|iPhone.ActiveCfg = Release|Any CPU
		{E857F463-8084-4070-AD25-AB10C12F308A}.Release|iPhone.Build.0 = Release|Any CPU
		{E857F463-8084-4070-AD25-AB10C12F308A}.Release|iPhoneSimulator.ActiveCfg = Release|Any CPU
		{E857F463-8084-4070-AD25-AB10C12F308A}.Release|iPhoneSimulator.Build.0 = Release|Any CPU
		{E857F463-8084-4070-AD25-AB10C12F308A}.Release|x64.ActiveCfg = Release|Any CPU
		{E857F463-8084-4070-AD25-AB10C12F308A}.Release|x64.Build.0 = Release|Any CPU
		{E857F463-8084-4070-AD25-AB10C12F308A}.Release|x86.ActiveCfg = Release|Any CPU
		{E857F463-8084-4070-AD25-AB10C12F308A}.Release|x86.Build.0 = Release|Any CPU
	EndGlobalSection
	GlobalSection(SolutionProperties) = preSolution
		HideSolutionNode = FALSE
	EndGlobalSection
	GlobalSection(NestedProjects) = preSolution
		{AD929F59-AF64-4129-BE54-47D483430856} = {85151008-C57F-4D5A-AA4C-E449FB306513}
		{895FE0E3-B1D9-48DF-838A-20FE06F3F2BA} = {E7A1BA35-FDBC-4814-B45E-1C9D9AC84339}
		{23289137-0E7C-4D26-B3AA-F3688D548848} = {85151008-C57F-4D5A-AA4C-E449FB306513}
		{2864521D-322A-4351-B6FD-AE3ACA539A88} = {85151008-C57F-4D5A-AA4C-E449FB306513}
		{240C33AA-C58F-49D8-8CC2-87BE4D0B1C78} = {E7A1BA35-FDBC-4814-B45E-1C9D9AC84339}
		{FE3CE93E-12BE-46CE-B060-3F5FA05CDF4D} = {E7A1BA35-FDBC-4814-B45E-1C9D9AC84339}
		{21242DCD-8BA0-4245-A226-C3DDBFF6760A} = {E7A1BA35-FDBC-4814-B45E-1C9D9AC84339}
		{3B42A499-8310-437C-B601-868709B02FB6} = {E7A1BA35-FDBC-4814-B45E-1C9D9AC84339}
		{127F8D1B-BD86-410D-A875-B40DC15B9543} = {E7A1BA35-FDBC-4814-B45E-1C9D9AC84339}
		{10A18360-64D7-49FD-8AD7-4B99ABF3CBB1} = {B21AD9DA-F04C-4648-82E1-9489CED2572F}
		{E857F463-8084-4070-AD25-AB10C12F308A} = {B21AD9DA-F04C-4648-82E1-9489CED2572F}
	EndGlobalSection
	GlobalSection(ExtensibilityGlobals) = postSolution
		SolutionGuid = {FE9F3932-E8ED-4F7B-88A0-9E791D686216}
	EndGlobalSection
EndGlobal
