
Microsoft Visual Studio Solution File, Format Version 12.00
# Visual Studio Version 16
VisualStudioVersion = 16.0.31321.278
MinimumVisualStudioVersion = 10.0.40219.1
Project("{D954291E-2A0B-460D-934E-DC6B0785DB48}") = "Pasat.Shared", "Pasat\Pasat.Shared\Pasat.Shared.shproj", "{6279C845-92F8-4333-AB99-3D213163593C}"
EndProject
Project("{2150E333-8FDC-42A3-9474-1A3956D46DE8}") = "Platforms", "Platforms", "{53ACB668-D331-459F-8AF6-347595902FAC}"
EndProject
Project("{FAE04EC0-301F-11D3-BF4B-00C04F79EFBC}") = "Pasat.Droid", "Pasat\Pasat.Droid\Pasat.Droid.csproj", "{FDFC9709-D7C7-4453-95C7-A2CC3CFB1D2B}"
EndProject
Project("{FAE04EC0-301F-11D3-BF4B-00C04F79EFBC}") = "Pasat.UWP", "Pasat\Pasat.UWP\Pasat.UWP.csproj", "{A53398BB-B195-427A-BAE2-93223DB42199}"
EndProject
Project("{9A19103F-16F7-4668-BE54-9A1E7A4F7556}") = "Pasat.Wasm", "Pasat\Pasat.Wasm\Pasat.Wasm.csproj", "{1C8318F3-8DA0-47F5-9244-281049B6DD40}"
EndProject
Project("{9A19103F-16F7-4668-BE54-9A1E7A4F7556}") = "Pasat.Skia.Wpf.Host", "Pasat\Pasat.Skia.Wpf.Host\Pasat.Skia.Wpf.Host.csproj", "{3CF6BACB-BCCD-4691-A35C-FF924FA26192}"
EndProject
Project("{9A19103F-16F7-4668-BE54-9A1E7A4F7556}") = "Pasat.Skia.Wpf", "Pasat\Pasat.Skia.Wpf\Pasat.Skia.Wpf.csproj", "{16561BC0-B65D-4E6F-8313-B3AB4D87F074}"
EndProject
Project("{9A19103F-16F7-4668-BE54-9A1E7A4F7556}") = "Pasat.Skia.Gtk", "Pasat\Pasat.Skia.Gtk\Pasat.Skia.Gtk.csproj", "{2012EA75-5A52-4544-AAAE-2A158CF3D517}"
EndProject
Project("{2150E333-8FDC-42A3-9474-1A3956D46DE8}") = "Lib", "Lib", "{A521879C-2004-4049-BE6F-8F8987CDE409}"
EndProject
Project("{9A19103F-16F7-4668-BE54-9A1E7A4F7556}") = "Syncfusion.SfChart.Uno", "Lib\Charts\Syncfusion.SfChart.Uno.csproj", "{3736C21A-2336-4F61-B40F-17EE9AF4DCDB}"
EndProject
Project("{9A19103F-16F7-4668-BE54-9A1E7A4F7556}") = "Olive", "Lib\Olive\Olive.csproj", "{B96FD310-9BFA-45AC-99C9-FF5BA5C21EBC}"
EndProject
Global
	GlobalSection(SharedMSBuildProjectFiles) = preSolution
		Pasat\Pasat.Shared\Pasat.Shared.projitems*{16561bc0-b65d-4e6f-8313-b3ab4d87f074}*SharedItemsImports = 5
		Pasat\Pasat.Shared\Pasat.Shared.projitems*{1c8318f3-8da0-47f5-9244-281049b6dd40}*SharedItemsImports = 5
		Pasat\Pasat.Shared\Pasat.Shared.projitems*{6279c845-92f8-4333-ab99-3d213163593c}*SharedItemsImports = 13
		Pasat\Pasat.Shared\Pasat.Shared.projitems*{a53398bb-b195-427a-bae2-93223db42199}*SharedItemsImports = 4
	EndGlobalSection
	GlobalSection(SolutionConfigurationPlatforms) = preSolution
		Ad-Hoc|Any CPU = Ad-Hoc|Any CPU
		Ad-Hoc|ARM = Ad-Hoc|ARM
		Ad-Hoc|ARM64 = Ad-Hoc|ARM64
		Ad-Hoc|iPhone = Ad-Hoc|iPhone
		Ad-Hoc|iPhoneSimulator = Ad-Hoc|iPhoneSimulator
		Ad-Hoc|x64 = Ad-Hoc|x64
		Ad-Hoc|x86 = Ad-Hoc|x86
		AppStore|Any CPU = AppStore|Any CPU
		AppStore|ARM = AppStore|ARM
		AppStore|ARM64 = AppStore|ARM64
		AppStore|iPhone = AppStore|iPhone
		AppStore|iPhoneSimulator = AppStore|iPhoneSimulator
		AppStore|x64 = AppStore|x64
		AppStore|x86 = AppStore|x86
		Debug|Any CPU = Debug|Any CPU
		Debug|ARM = Debug|ARM
		Debug|ARM64 = Debug|ARM64
		Debug|iPhone = Debug|iPhone
		Debug|iPhoneSimulator = Debug|iPhoneSimulator
		Debug|x64 = Debug|x64
		Debug|x86 = Debug|x86
		Release|Any CPU = Release|Any CPU
		Release|ARM = Release|ARM
		Release|ARM64 = Release|ARM64
		Release|iPhone = Release|iPhone
		Release|iPhoneSimulator = Release|iPhoneSimulator
		Release|x64 = Release|x64
		Release|x86 = Release|x86
	EndGlobalSection
	GlobalSection(ProjectConfigurationPlatforms) = postSolution
		{FDFC9709-D7C7-4453-95C7-A2CC3CFB1D2B}.Ad-Hoc|Any CPU.ActiveCfg = Debug|Any CPU
		{FDFC9709-D7C7-4453-95C7-A2CC3CFB1D2B}.Ad-Hoc|Any CPU.Build.0 = Debug|Any CPU
		{FDFC9709-D7C7-4453-95C7-A2CC3CFB1D2B}.Ad-Hoc|Any CPU.Deploy.0 = Debug|Any CPU
		{FDFC9709-D7C7-4453-95C7-A2CC3CFB1D2B}.Ad-Hoc|ARM.ActiveCfg = Debug|Any CPU
		{FDFC9709-D7C7-4453-95C7-A2CC3CFB1D2B}.Ad-Hoc|ARM.Build.0 = Debug|Any CPU
		{FDFC9709-D7C7-4453-95C7-A2CC3CFB1D2B}.Ad-Hoc|ARM.Deploy.0 = Debug|Any CPU
		{FDFC9709-D7C7-4453-95C7-A2CC3CFB1D2B}.Ad-Hoc|ARM64.ActiveCfg = Debug|Any CPU
		{FDFC9709-D7C7-4453-95C7-A2CC3CFB1D2B}.Ad-Hoc|ARM64.Build.0 = Debug|Any CPU
		{FDFC9709-D7C7-4453-95C7-A2CC3CFB1D2B}.Ad-Hoc|ARM64.Deploy.0 = Debug|Any CPU
		{FDFC9709-D7C7-4453-95C7-A2CC3CFB1D2B}.Ad-Hoc|iPhone.ActiveCfg = Debug|Any CPU
		{FDFC9709-D7C7-4453-95C7-A2CC3CFB1D2B}.Ad-Hoc|iPhone.Build.0 = Debug|Any CPU
		{FDFC9709-D7C7-4453-95C7-A2CC3CFB1D2B}.Ad-Hoc|iPhone.Deploy.0 = Debug|Any CPU
		{FDFC9709-D7C7-4453-95C7-A2CC3CFB1D2B}.Ad-Hoc|iPhoneSimulator.ActiveCfg = Debug|Any CPU
		{FDFC9709-D7C7-4453-95C7-A2CC3CFB1D2B}.Ad-Hoc|iPhoneSimulator.Build.0 = Debug|Any CPU
		{FDFC9709-D7C7-4453-95C7-A2CC3CFB1D2B}.Ad-Hoc|iPhoneSimulator.Deploy.0 = Debug|Any CPU
		{FDFC9709-D7C7-4453-95C7-A2CC3CFB1D2B}.Ad-Hoc|x64.ActiveCfg = Debug|Any CPU
		{FDFC9709-D7C7-4453-95C7-A2CC3CFB1D2B}.Ad-Hoc|x64.Build.0 = Debug|Any CPU
		{FDFC9709-D7C7-4453-95C7-A2CC3CFB1D2B}.Ad-Hoc|x64.Deploy.0 = Debug|Any CPU
		{FDFC9709-D7C7-4453-95C7-A2CC3CFB1D2B}.Ad-Hoc|x86.ActiveCfg = Debug|Any CPU
		{FDFC9709-D7C7-4453-95C7-A2CC3CFB1D2B}.Ad-Hoc|x86.Build.0 = Debug|Any CPU
		{FDFC9709-D7C7-4453-95C7-A2CC3CFB1D2B}.Ad-Hoc|x86.Deploy.0 = Debug|Any CPU
		{FDFC9709-D7C7-4453-95C7-A2CC3CFB1D2B}.AppStore|Any CPU.ActiveCfg = Debug|Any CPU
		{FDFC9709-D7C7-4453-95C7-A2CC3CFB1D2B}.AppStore|Any CPU.Build.0 = Debug|Any CPU
		{FDFC9709-D7C7-4453-95C7-A2CC3CFB1D2B}.AppStore|Any CPU.Deploy.0 = Debug|Any CPU
		{FDFC9709-D7C7-4453-95C7-A2CC3CFB1D2B}.AppStore|ARM.ActiveCfg = Debug|Any CPU
		{FDFC9709-D7C7-4453-95C7-A2CC3CFB1D2B}.AppStore|ARM.Build.0 = Debug|Any CPU
		{FDFC9709-D7C7-4453-95C7-A2CC3CFB1D2B}.AppStore|ARM.Deploy.0 = Debug|Any CPU
		{FDFC9709-D7C7-4453-95C7-A2CC3CFB1D2B}.AppStore|ARM64.ActiveCfg = Debug|Any CPU
		{FDFC9709-D7C7-4453-95C7-A2CC3CFB1D2B}.AppStore|ARM64.Build.0 = Debug|Any CPU
		{FDFC9709-D7C7-4453-95C7-A2CC3CFB1D2B}.AppStore|ARM64.Deploy.0 = Debug|Any CPU
		{FDFC9709-D7C7-4453-95C7-A2CC3CFB1D2B}.AppStore|iPhone.ActiveCfg = Debug|Any CPU
		{FDFC9709-D7C7-4453-95C7-A2CC3CFB1D2B}.AppStore|iPhone.Build.0 = Debug|Any CPU
		{FDFC9709-D7C7-4453-95C7-A2CC3CFB1D2B}.AppStore|iPhone.Deploy.0 = Debug|Any CPU
		{FDFC9709-D7C7-4453-95C7-A2CC3CFB1D2B}.AppStore|iPhoneSimulator.ActiveCfg = Debug|Any CPU
		{FDFC9709-D7C7-4453-95C7-A2CC3CFB1D2B}.AppStore|iPhoneSimulator.Build.0 = Debug|Any CPU
		{FDFC9709-D7C7-4453-95C7-A2CC3CFB1D2B}.AppStore|iPhoneSimulator.Deploy.0 = Debug|Any CPU
		{FDFC9709-D7C7-4453-95C7-A2CC3CFB1D2B}.AppStore|x64.ActiveCfg = Debug|Any CPU
		{FDFC9709-D7C7-4453-95C7-A2CC3CFB1D2B}.AppStore|x64.Build.0 = Debug|Any CPU
		{FDFC9709-D7C7-4453-95C7-A2CC3CFB1D2B}.AppStore|x64.Deploy.0 = Debug|Any CPU
		{FDFC9709-D7C7-4453-95C7-A2CC3CFB1D2B}.AppStore|x86.ActiveCfg = Debug|Any CPU
		{FDFC9709-D7C7-4453-95C7-A2CC3CFB1D2B}.AppStore|x86.Build.0 = Debug|Any CPU
		{FDFC9709-D7C7-4453-95C7-A2CC3CFB1D2B}.AppStore|x86.Deploy.0 = Debug|Any CPU
		{FDFC9709-D7C7-4453-95C7-A2CC3CFB1D2B}.Debug|Any CPU.ActiveCfg = Debug|Any CPU
		{FDFC9709-D7C7-4453-95C7-A2CC3CFB1D2B}.Debug|Any CPU.Build.0 = Debug|Any CPU
		{FDFC9709-D7C7-4453-95C7-A2CC3CFB1D2B}.Debug|Any CPU.Deploy.0 = Debug|Any CPU
		{FDFC9709-D7C7-4453-95C7-A2CC3CFB1D2B}.Debug|ARM.ActiveCfg = Debug|Any CPU
		{FDFC9709-D7C7-4453-95C7-A2CC3CFB1D2B}.Debug|ARM.Build.0 = Debug|Any CPU
		{FDFC9709-D7C7-4453-95C7-A2CC3CFB1D2B}.Debug|ARM.Deploy.0 = Debug|Any CPU
		{FDFC9709-D7C7-4453-95C7-A2CC3CFB1D2B}.Debug|ARM64.ActiveCfg = Debug|Any CPU
		{FDFC9709-D7C7-4453-95C7-A2CC3CFB1D2B}.Debug|ARM64.Build.0 = Debug|Any CPU
		{FDFC9709-D7C7-4453-95C7-A2CC3CFB1D2B}.Debug|ARM64.Deploy.0 = Debug|Any CPU
		{FDFC9709-D7C7-4453-95C7-A2CC3CFB1D2B}.Debug|iPhone.ActiveCfg = Debug|Any CPU
		{FDFC9709-D7C7-4453-95C7-A2CC3CFB1D2B}.Debug|iPhone.Build.0 = Debug|Any CPU
		{FDFC9709-D7C7-4453-95C7-A2CC3CFB1D2B}.Debug|iPhone.Deploy.0 = Debug|Any CPU
		{FDFC9709-D7C7-4453-95C7-A2CC3CFB1D2B}.Debug|iPhoneSimulator.ActiveCfg = Debug|Any CPU
		{FDFC9709-D7C7-4453-95C7-A2CC3CFB1D2B}.Debug|iPhoneSimulator.Build.0 = Debug|Any CPU
		{FDFC9709-D7C7-4453-95C7-A2CC3CFB1D2B}.Debug|iPhoneSimulator.Deploy.0 = Debug|Any CPU
		{FDFC9709-D7C7-4453-95C7-A2CC3CFB1D2B}.Debug|x64.ActiveCfg = Debug|Any CPU
		{FDFC9709-D7C7-4453-95C7-A2CC3CFB1D2B}.Debug|x64.Build.0 = Debug|Any CPU
		{FDFC9709-D7C7-4453-95C7-A2CC3CFB1D2B}.Debug|x64.Deploy.0 = Debug|Any CPU
		{FDFC9709-D7C7-4453-95C7-A2CC3CFB1D2B}.Debug|x86.ActiveCfg = Debug|Any CPU
		{FDFC9709-D7C7-4453-95C7-A2CC3CFB1D2B}.Debug|x86.Build.0 = Debug|Any CPU
		{FDFC9709-D7C7-4453-95C7-A2CC3CFB1D2B}.Debug|x86.Deploy.0 = Debug|Any CPU
		{FDFC9709-D7C7-4453-95C7-A2CC3CFB1D2B}.Release|Any CPU.ActiveCfg = Release|Any CPU
		{FDFC9709-D7C7-4453-95C7-A2CC3CFB1D2B}.Release|Any CPU.Build.0 = Release|Any CPU
		{FDFC9709-D7C7-4453-95C7-A2CC3CFB1D2B}.Release|Any CPU.Deploy.0 = Release|Any CPU
		{FDFC9709-D7C7-4453-95C7-A2CC3CFB1D2B}.Release|ARM.ActiveCfg = Release|Any CPU
		{FDFC9709-D7C7-4453-95C7-A2CC3CFB1D2B}.Release|ARM.Build.0 = Release|Any CPU
		{FDFC9709-D7C7-4453-95C7-A2CC3CFB1D2B}.Release|ARM.Deploy.0 = Release|Any CPU
		{FDFC9709-D7C7-4453-95C7-A2CC3CFB1D2B}.Release|ARM64.ActiveCfg = Release|Any CPU
		{FDFC9709-D7C7-4453-95C7-A2CC3CFB1D2B}.Release|ARM64.Build.0 = Release|Any CPU
		{FDFC9709-D7C7-4453-95C7-A2CC3CFB1D2B}.Release|ARM64.Deploy.0 = Release|Any CPU
		{FDFC9709-D7C7-4453-95C7-A2CC3CFB1D2B}.Release|iPhone.ActiveCfg = Release|Any CPU
		{FDFC9709-D7C7-4453-95C7-A2CC3CFB1D2B}.Release|iPhone.Build.0 = Release|Any CPU
		{FDFC9709-D7C7-4453-95C7-A2CC3CFB1D2B}.Release|iPhone.Deploy.0 = Release|Any CPU
		{FDFC9709-D7C7-4453-95C7-A2CC3CFB1D2B}.Release|iPhoneSimulator.ActiveCfg = Release|Any CPU
		{FDFC9709-D7C7-4453-95C7-A2CC3CFB1D2B}.Release|iPhoneSimulator.Build.0 = Release|Any CPU
		{FDFC9709-D7C7-4453-95C7-A2CC3CFB1D2B}.Release|iPhoneSimulator.Deploy.0 = Release|Any CPU
		{FDFC9709-D7C7-4453-95C7-A2CC3CFB1D2B}.Release|x64.ActiveCfg = Release|Any CPU
		{FDFC9709-D7C7-4453-95C7-A2CC3CFB1D2B}.Release|x64.Build.0 = Release|Any CPU
		{FDFC9709-D7C7-4453-95C7-A2CC3CFB1D2B}.Release|x64.Deploy.0 = Release|Any CPU
		{FDFC9709-D7C7-4453-95C7-A2CC3CFB1D2B}.Release|x86.ActiveCfg = Release|Any CPU
		{FDFC9709-D7C7-4453-95C7-A2CC3CFB1D2B}.Release|x86.Build.0 = Release|Any CPU
		{FDFC9709-D7C7-4453-95C7-A2CC3CFB1D2B}.Release|x86.Deploy.0 = Release|Any CPU
		{A53398BB-B195-427A-BAE2-93223DB42199}.Ad-Hoc|Any CPU.ActiveCfg = Debug|x86
		{A53398BB-B195-427A-BAE2-93223DB42199}.Ad-Hoc|Any CPU.Build.0 = Debug|x86
		{A53398BB-B195-427A-BAE2-93223DB42199}.Ad-Hoc|Any CPU.Deploy.0 = Debug|x86
		{A53398BB-B195-427A-BAE2-93223DB42199}.Ad-Hoc|ARM.ActiveCfg = Debug|ARM
		{A53398BB-B195-427A-BAE2-93223DB42199}.Ad-Hoc|ARM.Build.0 = Debug|ARM
		{A53398BB-B195-427A-BAE2-93223DB42199}.Ad-Hoc|ARM.Deploy.0 = Debug|ARM
		{A53398BB-B195-427A-BAE2-93223DB42199}.Ad-Hoc|ARM64.ActiveCfg = Debug|ARM64
		{A53398BB-B195-427A-BAE2-93223DB42199}.Ad-Hoc|ARM64.Build.0 = Debug|ARM64
		{A53398BB-B195-427A-BAE2-93223DB42199}.Ad-Hoc|ARM64.Deploy.0 = Debug|ARM64
		{A53398BB-B195-427A-BAE2-93223DB42199}.Ad-Hoc|iPhone.ActiveCfg = Debug|x86
		{A53398BB-B195-427A-BAE2-93223DB42199}.Ad-Hoc|iPhone.Build.0 = Debug|x86
		{A53398BB-B195-427A-BAE2-93223DB42199}.Ad-Hoc|iPhone.Deploy.0 = Debug|x86
		{A53398BB-B195-427A-BAE2-93223DB42199}.Ad-Hoc|iPhoneSimulator.ActiveCfg = Debug|x86
		{A53398BB-B195-427A-BAE2-93223DB42199}.Ad-Hoc|iPhoneSimulator.Build.0 = Debug|x86
		{A53398BB-B195-427A-BAE2-93223DB42199}.Ad-Hoc|iPhoneSimulator.Deploy.0 = Debug|x86
		{A53398BB-B195-427A-BAE2-93223DB42199}.Ad-Hoc|x64.ActiveCfg = Debug|x64
		{A53398BB-B195-427A-BAE2-93223DB42199}.Ad-Hoc|x64.Build.0 = Debug|x64
		{A53398BB-B195-427A-BAE2-93223DB42199}.Ad-Hoc|x64.Deploy.0 = Debug|x64
		{A53398BB-B195-427A-BAE2-93223DB42199}.Ad-Hoc|x86.ActiveCfg = Debug|x86
		{A53398BB-B195-427A-BAE2-93223DB42199}.Ad-Hoc|x86.Build.0 = Debug|x86
		{A53398BB-B195-427A-BAE2-93223DB42199}.Ad-Hoc|x86.Deploy.0 = Debug|x86
		{A53398BB-B195-427A-BAE2-93223DB42199}.AppStore|Any CPU.ActiveCfg = Debug|x86
		{A53398BB-B195-427A-BAE2-93223DB42199}.AppStore|Any CPU.Build.0 = Debug|x86
		{A53398BB-B195-427A-BAE2-93223DB42199}.AppStore|Any CPU.Deploy.0 = Debug|x86
		{A53398BB-B195-427A-BAE2-93223DB42199}.AppStore|ARM.ActiveCfg = Debug|ARM
		{A53398BB-B195-427A-BAE2-93223DB42199}.AppStore|ARM.Build.0 = Debug|ARM
		{A53398BB-B195-427A-BAE2-93223DB42199}.AppStore|ARM.Deploy.0 = Debug|ARM
		{A53398BB-B195-427A-BAE2-93223DB42199}.AppStore|ARM64.ActiveCfg = Debug|ARM64
		{A53398BB-B195-427A-BAE2-93223DB42199}.AppStore|ARM64.Build.0 = Debug|ARM64
		{A53398BB-B195-427A-BAE2-93223DB42199}.AppStore|ARM64.Deploy.0 = Debug|ARM64
		{A53398BB-B195-427A-BAE2-93223DB42199}.AppStore|iPhone.ActiveCfg = Debug|x86
		{A53398BB-B195-427A-BAE2-93223DB42199}.AppStore|iPhone.Build.0 = Debug|x86
		{A53398BB-B195-427A-BAE2-93223DB42199}.AppStore|iPhone.Deploy.0 = Debug|x86
		{A53398BB-B195-427A-BAE2-93223DB42199}.AppStore|iPhoneSimulator.ActiveCfg = Debug|x86
		{A53398BB-B195-427A-BAE2-93223DB42199}.AppStore|iPhoneSimulator.Build.0 = Debug|x86
		{A53398BB-B195-427A-BAE2-93223DB42199}.AppStore|iPhoneSimulator.Deploy.0 = Debug|x86
		{A53398BB-B195-427A-BAE2-93223DB42199}.AppStore|x64.ActiveCfg = Debug|x64
		{A53398BB-B195-427A-BAE2-93223DB42199}.AppStore|x64.Build.0 = Debug|x64
		{A53398BB-B195-427A-BAE2-93223DB42199}.AppStore|x64.Deploy.0 = Debug|x64
		{A53398BB-B195-427A-BAE2-93223DB42199}.AppStore|x86.ActiveCfg = Debug|x86
		{A53398BB-B195-427A-BAE2-93223DB42199}.AppStore|x86.Build.0 = Debug|x86
		{A53398BB-B195-427A-BAE2-93223DB42199}.AppStore|x86.Deploy.0 = Debug|x86
		{A53398BB-B195-427A-BAE2-93223DB42199}.Debug|Any CPU.ActiveCfg = Debug|x86
		{A53398BB-B195-427A-BAE2-93223DB42199}.Debug|Any CPU.Build.0 = Debug|x86
		{A53398BB-B195-427A-BAE2-93223DB42199}.Debug|Any CPU.Deploy.0 = Debug|x86
		{A53398BB-B195-427A-BAE2-93223DB42199}.Debug|ARM.ActiveCfg = Debug|ARM
		{A53398BB-B195-427A-BAE2-93223DB42199}.Debug|ARM.Build.0 = Debug|ARM
		{A53398BB-B195-427A-BAE2-93223DB42199}.Debug|ARM.Deploy.0 = Debug|ARM
		{A53398BB-B195-427A-BAE2-93223DB42199}.Debug|ARM64.ActiveCfg = Debug|ARM64
		{A53398BB-B195-427A-BAE2-93223DB42199}.Debug|ARM64.Build.0 = Debug|ARM64
		{A53398BB-B195-427A-BAE2-93223DB42199}.Debug|ARM64.Deploy.0 = Debug|ARM64
		{A53398BB-B195-427A-BAE2-93223DB42199}.Debug|iPhone.ActiveCfg = Debug|x86
		{A53398BB-B195-427A-BAE2-93223DB42199}.Debug|iPhoneSimulator.ActiveCfg = Debug|x86
		{A53398BB-B195-427A-BAE2-93223DB42199}.Debug|x64.ActiveCfg = Debug|x64
		{A53398BB-B195-427A-BAE2-93223DB42199}.Debug|x64.Build.0 = Debug|x64
		{A53398BB-B195-427A-BAE2-93223DB42199}.Debug|x64.Deploy.0 = Debug|x64
		{A53398BB-B195-427A-BAE2-93223DB42199}.Debug|x86.ActiveCfg = Debug|x86
		{A53398BB-B195-427A-BAE2-93223DB42199}.Debug|x86.Build.0 = Debug|x86
		{A53398BB-B195-427A-BAE2-93223DB42199}.Debug|x86.Deploy.0 = Debug|x86
		{A53398BB-B195-427A-BAE2-93223DB42199}.Release|Any CPU.ActiveCfg = Release|x86
		{A53398BB-B195-427A-BAE2-93223DB42199}.Release|ARM.ActiveCfg = Release|ARM
		{A53398BB-B195-427A-BAE2-93223DB42199}.Release|ARM.Build.0 = Release|ARM
		{A53398BB-B195-427A-BAE2-93223DB42199}.Release|ARM.Deploy.0 = Release|ARM
		{A53398BB-B195-427A-BAE2-93223DB42199}.Release|ARM64.ActiveCfg = Release|ARM64
		{A53398BB-B195-427A-BAE2-93223DB42199}.Release|ARM64.Build.0 = Release|ARM64
		{A53398BB-B195-427A-BAE2-93223DB42199}.Release|ARM64.Deploy.0 = Release|ARM64
		{A53398BB-B195-427A-BAE2-93223DB42199}.Release|iPhone.ActiveCfg = Release|x86
		{A53398BB-B195-427A-BAE2-93223DB42199}.Release|iPhoneSimulator.ActiveCfg = Release|x86
		{A53398BB-B195-427A-BAE2-93223DB42199}.Release|x64.ActiveCfg = Release|x64
		{A53398BB-B195-427A-BAE2-93223DB42199}.Release|x64.Build.0 = Release|x64
		{A53398BB-B195-427A-BAE2-93223DB42199}.Release|x64.Deploy.0 = Release|x64
		{A53398BB-B195-427A-BAE2-93223DB42199}.Release|x86.ActiveCfg = Release|x86
		{A53398BB-B195-427A-BAE2-93223DB42199}.Release|x86.Build.0 = Release|x86
		{A53398BB-B195-427A-BAE2-93223DB42199}.Release|x86.Deploy.0 = Release|x86
		{1C8318F3-8DA0-47F5-9244-281049B6DD40}.Ad-Hoc|Any CPU.ActiveCfg = Debug|Any CPU
		{1C8318F3-8DA0-47F5-9244-281049B6DD40}.Ad-Hoc|Any CPU.Build.0 = Debug|Any CPU
		{1C8318F3-8DA0-47F5-9244-281049B6DD40}.Ad-Hoc|ARM.ActiveCfg = Debug|Any CPU
		{1C8318F3-8DA0-47F5-9244-281049B6DD40}.Ad-Hoc|ARM.Build.0 = Debug|Any CPU
		{1C8318F3-8DA0-47F5-9244-281049B6DD40}.Ad-Hoc|ARM64.ActiveCfg = Debug|Any CPU
		{1C8318F3-8DA0-47F5-9244-281049B6DD40}.Ad-Hoc|ARM64.Build.0 = Debug|Any CPU
		{1C8318F3-8DA0-47F5-9244-281049B6DD40}.Ad-Hoc|iPhone.ActiveCfg = Debug|Any CPU
		{1C8318F3-8DA0-47F5-9244-281049B6DD40}.Ad-Hoc|iPhone.Build.0 = Debug|Any CPU
		{1C8318F3-8DA0-47F5-9244-281049B6DD40}.Ad-Hoc|iPhoneSimulator.ActiveCfg = Debug|Any CPU
		{1C8318F3-8DA0-47F5-9244-281049B6DD40}.Ad-Hoc|iPhoneSimulator.Build.0 = Debug|Any CPU
		{1C8318F3-8DA0-47F5-9244-281049B6DD40}.Ad-Hoc|x64.ActiveCfg = Debug|Any CPU
		{1C8318F3-8DA0-47F5-9244-281049B6DD40}.Ad-Hoc|x64.Build.0 = Debug|Any CPU
		{1C8318F3-8DA0-47F5-9244-281049B6DD40}.Ad-Hoc|x86.ActiveCfg = Debug|Any CPU
		{1C8318F3-8DA0-47F5-9244-281049B6DD40}.Ad-Hoc|x86.Build.0 = Debug|Any CPU
		{1C8318F3-8DA0-47F5-9244-281049B6DD40}.AppStore|Any CPU.ActiveCfg = Debug|Any CPU
		{1C8318F3-8DA0-47F5-9244-281049B6DD40}.AppStore|Any CPU.Build.0 = Debug|Any CPU
		{1C8318F3-8DA0-47F5-9244-281049B6DD40}.AppStore|ARM.ActiveCfg = Debug|Any CPU
		{1C8318F3-8DA0-47F5-9244-281049B6DD40}.AppStore|ARM.Build.0 = Debug|Any CPU
		{1C8318F3-8DA0-47F5-9244-281049B6DD40}.AppStore|ARM64.ActiveCfg = Debug|Any CPU
		{1C8318F3-8DA0-47F5-9244-281049B6DD40}.AppStore|ARM64.Build.0 = Debug|Any CPU
		{1C8318F3-8DA0-47F5-9244-281049B6DD40}.AppStore|iPhone.ActiveCfg = Debug|Any CPU
		{1C8318F3-8DA0-47F5-9244-281049B6DD40}.AppStore|iPhone.Build.0 = Debug|Any CPU
		{1C8318F3-8DA0-47F5-9244-281049B6DD40}.AppStore|iPhoneSimulator.ActiveCfg = Debug|Any CPU
		{1C8318F3-8DA0-47F5-9244-281049B6DD40}.AppStore|iPhoneSimulator.Build.0 = Debug|Any CPU
		{1C8318F3-8DA0-47F5-9244-281049B6DD40}.AppStore|x64.ActiveCfg = Debug|Any CPU
		{1C8318F3-8DA0-47F5-9244-281049B6DD40}.AppStore|x64.Build.0 = Debug|Any CPU
		{1C8318F3-8DA0-47F5-9244-281049B6DD40}.AppStore|x86.ActiveCfg = Debug|Any CPU
		{1C8318F3-8DA0-47F5-9244-281049B6DD40}.AppStore|x86.Build.0 = Debug|Any CPU
		{1C8318F3-8DA0-47F5-9244-281049B6DD40}.Debug|Any CPU.ActiveCfg = Debug|Any CPU
		{1C8318F3-8DA0-47F5-9244-281049B6DD40}.Debug|Any CPU.Build.0 = Debug|Any CPU
		{1C8318F3-8DA0-47F5-9244-281049B6DD40}.Debug|ARM.ActiveCfg = Debug|Any CPU
		{1C8318F3-8DA0-47F5-9244-281049B6DD40}.Debug|ARM.Build.0 = Debug|Any CPU
		{1C8318F3-8DA0-47F5-9244-281049B6DD40}.Debug|ARM64.ActiveCfg = Debug|Any CPU
		{1C8318F3-8DA0-47F5-9244-281049B6DD40}.Debug|ARM64.Build.0 = Debug|Any CPU
		{1C8318F3-8DA0-47F5-9244-281049B6DD40}.Debug|iPhone.ActiveCfg = Debug|Any CPU
		{1C8318F3-8DA0-47F5-9244-281049B6DD40}.Debug|iPhone.Build.0 = Debug|Any CPU
		{1C8318F3-8DA0-47F5-9244-281049B6DD40}.Debug|iPhoneSimulator.ActiveCfg = Debug|Any CPU
		{1C8318F3-8DA0-47F5-9244-281049B6DD40}.Debug|iPhoneSimulator.Build.0 = Debug|Any CPU
		{1C8318F3-8DA0-47F5-9244-281049B6DD40}.Debug|x64.ActiveCfg = Debug|Any CPU
		{1C8318F3-8DA0-47F5-9244-281049B6DD40}.Debug|x64.Build.0 = Debug|Any CPU
		{1C8318F3-8DA0-47F5-9244-281049B6DD40}.Debug|x86.ActiveCfg = Debug|Any CPU
		{1C8318F3-8DA0-47F5-9244-281049B6DD40}.Debug|x86.Build.0 = Debug|Any CPU
		{1C8318F3-8DA0-47F5-9244-281049B6DD40}.Release|Any CPU.ActiveCfg = Release|Any CPU
		{1C8318F3-8DA0-47F5-9244-281049B6DD40}.Release|Any CPU.Build.0 = Release|Any CPU
		{1C8318F3-8DA0-47F5-9244-281049B6DD40}.Release|ARM.ActiveCfg = Release|Any CPU
		{1C8318F3-8DA0-47F5-9244-281049B6DD40}.Release|ARM.Build.0 = Release|Any CPU
		{1C8318F3-8DA0-47F5-9244-281049B6DD40}.Release|ARM64.ActiveCfg = Release|Any CPU
		{1C8318F3-8DA0-47F5-9244-281049B6DD40}.Release|ARM64.Build.0 = Release|Any CPU
		{1C8318F3-8DA0-47F5-9244-281049B6DD40}.Release|iPhone.ActiveCfg = Release|Any CPU
		{1C8318F3-8DA0-47F5-9244-281049B6DD40}.Release|iPhone.Build.0 = Release|Any CPU
		{1C8318F3-8DA0-47F5-9244-281049B6DD40}.Release|iPhoneSimulator.ActiveCfg = Release|Any CPU
		{1C8318F3-8DA0-47F5-9244-281049B6DD40}.Release|iPhoneSimulator.Build.0 = Release|Any CPU
		{1C8318F3-8DA0-47F5-9244-281049B6DD40}.Release|x64.ActiveCfg = Release|Any CPU
		{1C8318F3-8DA0-47F5-9244-281049B6DD40}.Release|x64.Build.0 = Release|Any CPU
		{1C8318F3-8DA0-47F5-9244-281049B6DD40}.Release|x86.ActiveCfg = Release|Any CPU
		{1C8318F3-8DA0-47F5-9244-281049B6DD40}.Release|x86.Build.0 = Release|Any CPU
		{3CF6BACB-BCCD-4691-A35C-FF924FA26192}.Ad-Hoc|Any CPU.ActiveCfg = Debug|Any CPU
		{3CF6BACB-BCCD-4691-A35C-FF924FA26192}.Ad-Hoc|Any CPU.Build.0 = Debug|Any CPU
		{3CF6BACB-BCCD-4691-A35C-FF924FA26192}.Ad-Hoc|ARM.ActiveCfg = Debug|Any CPU
		{3CF6BACB-BCCD-4691-A35C-FF924FA26192}.Ad-Hoc|ARM.Build.0 = Debug|Any CPU
		{3CF6BACB-BCCD-4691-A35C-FF924FA26192}.Ad-Hoc|ARM64.ActiveCfg = Debug|Any CPU
		{3CF6BACB-BCCD-4691-A35C-FF924FA26192}.Ad-Hoc|ARM64.Build.0 = Debug|Any CPU
		{3CF6BACB-BCCD-4691-A35C-FF924FA26192}.Ad-Hoc|iPhone.ActiveCfg = Debug|Any CPU
		{3CF6BACB-BCCD-4691-A35C-FF924FA26192}.Ad-Hoc|iPhone.Build.0 = Debug|Any CPU
		{3CF6BACB-BCCD-4691-A35C-FF924FA26192}.Ad-Hoc|iPhoneSimulator.ActiveCfg = Debug|Any CPU
		{3CF6BACB-BCCD-4691-A35C-FF924FA26192}.Ad-Hoc|iPhoneSimulator.Build.0 = Debug|Any CPU
		{3CF6BACB-BCCD-4691-A35C-FF924FA26192}.Ad-Hoc|x64.ActiveCfg = Debug|Any CPU
		{3CF6BACB-BCCD-4691-A35C-FF924FA26192}.Ad-Hoc|x64.Build.0 = Debug|Any CPU
		{3CF6BACB-BCCD-4691-A35C-FF924FA26192}.Ad-Hoc|x86.ActiveCfg = Debug|Any CPU
		{3CF6BACB-BCCD-4691-A35C-FF924FA26192}.Ad-Hoc|x86.Build.0 = Debug|Any CPU
		{3CF6BACB-BCCD-4691-A35C-FF924FA26192}.AppStore|Any CPU.ActiveCfg = Debug|Any CPU
		{3CF6BACB-BCCD-4691-A35C-FF924FA26192}.AppStore|Any CPU.Build.0 = Debug|Any CPU
		{3CF6BACB-BCCD-4691-A35C-FF924FA26192}.AppStore|ARM.ActiveCfg = Debug|Any CPU
		{3CF6BACB-BCCD-4691-A35C-FF924FA26192}.AppStore|ARM.Build.0 = Debug|Any CPU
		{3CF6BACB-BCCD-4691-A35C-FF924FA26192}.AppStore|ARM64.ActiveCfg = Debug|Any CPU
		{3CF6BACB-BCCD-4691-A35C-FF924FA26192}.AppStore|ARM64.Build.0 = Debug|Any CPU
		{3CF6BACB-BCCD-4691-A35C-FF924FA26192}.AppStore|iPhone.ActiveCfg = Debug|Any CPU
		{3CF6BACB-BCCD-4691-A35C-FF924FA26192}.AppStore|iPhone.Build.0 = Debug|Any CPU
		{3CF6BACB-BCCD-4691-A35C-FF924FA26192}.AppStore|iPhoneSimulator.ActiveCfg = Debug|Any CPU
		{3CF6BACB-BCCD-4691-A35C-FF924FA26192}.AppStore|iPhoneSimulator.Build.0 = Debug|Any CPU
		{3CF6BACB-BCCD-4691-A35C-FF924FA26192}.AppStore|x64.ActiveCfg = Debug|Any CPU
		{3CF6BACB-BCCD-4691-A35C-FF924FA26192}.AppStore|x64.Build.0 = Debug|Any CPU
		{3CF6BACB-BCCD-4691-A35C-FF924FA26192}.AppStore|x86.ActiveCfg = Debug|Any CPU
		{3CF6BACB-BCCD-4691-A35C-FF924FA26192}.AppStore|x86.Build.0 = Debug|Any CPU
		{3CF6BACB-BCCD-4691-A35C-FF924FA26192}.Debug|Any CPU.ActiveCfg = Debug|Any CPU
		{3CF6BACB-BCCD-4691-A35C-FF924FA26192}.Debug|Any CPU.Build.0 = Debug|Any CPU
		{3CF6BACB-BCCD-4691-A35C-FF924FA26192}.Debug|ARM.ActiveCfg = Debug|Any CPU
		{3CF6BACB-BCCD-4691-A35C-FF924FA26192}.Debug|ARM.Build.0 = Debug|Any CPU
		{3CF6BACB-BCCD-4691-A35C-FF924FA26192}.Debug|ARM64.ActiveCfg = Debug|Any CPU
		{3CF6BACB-BCCD-4691-A35C-FF924FA26192}.Debug|ARM64.Build.0 = Debug|Any CPU
		{3CF6BACB-BCCD-4691-A35C-FF924FA26192}.Debug|iPhone.ActiveCfg = Debug|Any CPU
		{3CF6BACB-BCCD-4691-A35C-FF924FA26192}.Debug|iPhone.Build.0 = Debug|Any CPU
		{3CF6BACB-BCCD-4691-A35C-FF924FA26192}.Debug|iPhoneSimulator.ActiveCfg = Debug|Any CPU
		{3CF6BACB-BCCD-4691-A35C-FF924FA26192}.Debug|iPhoneSimulator.Build.0 = Debug|Any CPU
		{3CF6BACB-BCCD-4691-A35C-FF924FA26192}.Debug|x64.ActiveCfg = Debug|Any CPU
		{3CF6BACB-BCCD-4691-A35C-FF924FA26192}.Debug|x64.Build.0 = Debug|Any CPU
		{3CF6BACB-BCCD-4691-A35C-FF924FA26192}.Debug|x86.ActiveCfg = Debug|Any CPU
		{3CF6BACB-BCCD-4691-A35C-FF924FA26192}.Debug|x86.Build.0 = Debug|Any CPU
		{3CF6BACB-BCCD-4691-A35C-FF924FA26192}.Release|Any CPU.ActiveCfg = Release|Any CPU
		{3CF6BACB-BCCD-4691-A35C-FF924FA26192}.Release|Any CPU.Build.0 = Release|Any CPU
		{3CF6BACB-BCCD-4691-A35C-FF924FA26192}.Release|ARM.ActiveCfg = Release|Any CPU
		{3CF6BACB-BCCD-4691-A35C-FF924FA26192}.Release|ARM.Build.0 = Release|Any CPU
		{3CF6BACB-BCCD-4691-A35C-FF924FA26192}.Release|ARM64.ActiveCfg = Release|Any CPU
		{3CF6BACB-BCCD-4691-A35C-FF924FA26192}.Release|ARM64.Build.0 = Release|Any CPU
		{3CF6BACB-BCCD-4691-A35C-FF924FA26192}.Release|iPhone.ActiveCfg = Release|Any CPU
		{3CF6BACB-BCCD-4691-A35C-FF924FA26192}.Release|iPhone.Build.0 = Release|Any CPU
		{3CF6BACB-BCCD-4691-A35C-FF924FA26192}.Release|iPhoneSimulator.ActiveCfg = Release|Any CPU
		{3CF6BACB-BCCD-4691-A35C-FF924FA26192}.Release|iPhoneSimulator.Build.0 = Release|Any CPU
		{3CF6BACB-BCCD-4691-A35C-FF924FA26192}.Release|x64.ActiveCfg = Release|Any CPU
		{3CF6BACB-BCCD-4691-A35C-FF924FA26192}.Release|x64.Build.0 = Release|Any CPU
		{3CF6BACB-BCCD-4691-A35C-FF924FA26192}.Release|x86.ActiveCfg = Release|Any CPU
		{3CF6BACB-BCCD-4691-A35C-FF924FA26192}.Release|x86.Build.0 = Release|Any CPU
		{16561BC0-B65D-4E6F-8313-B3AB4D87F074}.Ad-Hoc|Any CPU.ActiveCfg = Debug|Any CPU
		{16561BC0-B65D-4E6F-8313-B3AB4D87F074}.Ad-Hoc|Any CPU.Build.0 = Debug|Any CPU
		{16561BC0-B65D-4E6F-8313-B3AB4D87F074}.Ad-Hoc|ARM.ActiveCfg = Debug|Any CPU
		{16561BC0-B65D-4E6F-8313-B3AB4D87F074}.Ad-Hoc|ARM.Build.0 = Debug|Any CPU
		{16561BC0-B65D-4E6F-8313-B3AB4D87F074}.Ad-Hoc|ARM64.ActiveCfg = Debug|Any CPU
		{16561BC0-B65D-4E6F-8313-B3AB4D87F074}.Ad-Hoc|ARM64.Build.0 = Debug|Any CPU
		{16561BC0-B65D-4E6F-8313-B3AB4D87F074}.Ad-Hoc|iPhone.ActiveCfg = Debug|Any CPU
		{16561BC0-B65D-4E6F-8313-B3AB4D87F074}.Ad-Hoc|iPhone.Build.0 = Debug|Any CPU
		{16561BC0-B65D-4E6F-8313-B3AB4D87F074}.Ad-Hoc|iPhoneSimulator.ActiveCfg = Debug|Any CPU
		{16561BC0-B65D-4E6F-8313-B3AB4D87F074}.Ad-Hoc|iPhoneSimulator.Build.0 = Debug|Any CPU
		{16561BC0-B65D-4E6F-8313-B3AB4D87F074}.Ad-Hoc|x64.ActiveCfg = Debug|Any CPU
		{16561BC0-B65D-4E6F-8313-B3AB4D87F074}.Ad-Hoc|x64.Build.0 = Debug|Any CPU
		{16561BC0-B65D-4E6F-8313-B3AB4D87F074}.Ad-Hoc|x86.ActiveCfg = Debug|Any CPU
		{16561BC0-B65D-4E6F-8313-B3AB4D87F074}.Ad-Hoc|x86.Build.0 = Debug|Any CPU
		{16561BC0-B65D-4E6F-8313-B3AB4D87F074}.AppStore|Any CPU.ActiveCfg = Debug|Any CPU
		{16561BC0-B65D-4E6F-8313-B3AB4D87F074}.AppStore|Any CPU.Build.0 = Debug|Any CPU
		{16561BC0-B65D-4E6F-8313-B3AB4D87F074}.AppStore|ARM.ActiveCfg = Debug|Any CPU
		{16561BC0-B65D-4E6F-8313-B3AB4D87F074}.AppStore|ARM.Build.0 = Debug|Any CPU
		{16561BC0-B65D-4E6F-8313-B3AB4D87F074}.AppStore|ARM64.ActiveCfg = Debug|Any CPU
		{16561BC0-B65D-4E6F-8313-B3AB4D87F074}.AppStore|ARM64.Build.0 = Debug|Any CPU
		{16561BC0-B65D-4E6F-8313-B3AB4D87F074}.AppStore|iPhone.ActiveCfg = Debug|Any CPU
		{16561BC0-B65D-4E6F-8313-B3AB4D87F074}.AppStore|iPhone.Build.0 = Debug|Any CPU
		{16561BC0-B65D-4E6F-8313-B3AB4D87F074}.AppStore|iPhoneSimulator.ActiveCfg = Debug|Any CPU
		{16561BC0-B65D-4E6F-8313-B3AB4D87F074}.AppStore|iPhoneSimulator.Build.0 = Debug|Any CPU
		{16561BC0-B65D-4E6F-8313-B3AB4D87F074}.AppStore|x64.ActiveCfg = Debug|Any CPU
		{16561BC0-B65D-4E6F-8313-B3AB4D87F074}.AppStore|x64.Build.0 = Debug|Any CPU
		{16561BC0-B65D-4E6F-8313-B3AB4D87F074}.AppStore|x86.ActiveCfg = Debug|Any CPU
		{16561BC0-B65D-4E6F-8313-B3AB4D87F074}.AppStore|x86.Build.0 = Debug|Any CPU
		{16561BC0-B65D-4E6F-8313-B3AB4D87F074}.Debug|Any CPU.ActiveCfg = Debug|Any CPU
		{16561BC0-B65D-4E6F-8313-B3AB4D87F074}.Debug|Any CPU.Build.0 = Debug|Any CPU
		{16561BC0-B65D-4E6F-8313-B3AB4D87F074}.Debug|ARM.ActiveCfg = Debug|Any CPU
		{16561BC0-B65D-4E6F-8313-B3AB4D87F074}.Debug|ARM.Build.0 = Debug|Any CPU
		{16561BC0-B65D-4E6F-8313-B3AB4D87F074}.Debug|ARM64.ActiveCfg = Debug|Any CPU
		{16561BC0-B65D-4E6F-8313-B3AB4D87F074}.Debug|ARM64.Build.0 = Debug|Any CPU
		{16561BC0-B65D-4E6F-8313-B3AB4D87F074}.Debug|iPhone.ActiveCfg = Debug|Any CPU
		{16561BC0-B65D-4E6F-8313-B3AB4D87F074}.Debug|iPhone.Build.0 = Debug|Any CPU
		{16561BC0-B65D-4E6F-8313-B3AB4D87F074}.Debug|iPhoneSimulator.ActiveCfg = Debug|Any CPU
		{16561BC0-B65D-4E6F-8313-B3AB4D87F074}.Debug|iPhoneSimulator.Build.0 = Debug|Any CPU
		{16561BC0-B65D-4E6F-8313-B3AB4D87F074}.Debug|x64.ActiveCfg = Debug|Any CPU
		{16561BC0-B65D-4E6F-8313-B3AB4D87F074}.Debug|x64.Build.0 = Debug|Any CPU
		{16561BC0-B65D-4E6F-8313-B3AB4D87F074}.Debug|x86.ActiveCfg = Debug|Any CPU
		{16561BC0-B65D-4E6F-8313-B3AB4D87F074}.Debug|x86.Build.0 = Debug|Any CPU
		{16561BC0-B65D-4E6F-8313-B3AB4D87F074}.Release|Any CPU.ActiveCfg = Release|Any CPU
		{16561BC0-B65D-4E6F-8313-B3AB4D87F074}.Release|Any CPU.Build.0 = Release|Any CPU
		{16561BC0-B65D-4E6F-8313-B3AB4D87F074}.Release|ARM.ActiveCfg = Release|Any CPU
		{16561BC0-B65D-4E6F-8313-B3AB4D87F074}.Release|ARM.Build.0 = Release|Any CPU
		{16561BC0-B65D-4E6F-8313-B3AB4D87F074}.Release|ARM64.ActiveCfg = Release|Any CPU
		{16561BC0-B65D-4E6F-8313-B3AB4D87F074}.Release|ARM64.Build.0 = Release|Any CPU
		{16561BC0-B65D-4E6F-8313-B3AB4D87F074}.Release|iPhone.ActiveCfg = Release|Any CPU
		{16561BC0-B65D-4E6F-8313-B3AB4D87F074}.Release|iPhone.Build.0 = Release|Any CPU
		{16561BC0-B65D-4E6F-8313-B3AB4D87F074}.Release|iPhoneSimulator.ActiveCfg = Release|Any CPU
		{16561BC0-B65D-4E6F-8313-B3AB4D87F074}.Release|iPhoneSimulator.Build.0 = Release|Any CPU
		{16561BC0-B65D-4E6F-8313-B3AB4D87F074}.Release|x64.ActiveCfg = Release|Any CPU
		{16561BC0-B65D-4E6F-8313-B3AB4D87F074}.Release|x64.Build.0 = Release|Any CPU
		{16561BC0-B65D-4E6F-8313-B3AB4D87F074}.Release|x86.ActiveCfg = Release|Any CPU
		{16561BC0-B65D-4E6F-8313-B3AB4D87F074}.Release|x86.Build.0 = Release|Any CPU
		{2012EA75-5A52-4544-AAAE-2A158CF3D517}.Ad-Hoc|Any CPU.ActiveCfg = Debug|Any CPU
		{2012EA75-5A52-4544-AAAE-2A158CF3D517}.Ad-Hoc|Any CPU.Build.0 = Debug|Any CPU
		{2012EA75-5A52-4544-AAAE-2A158CF3D517}.Ad-Hoc|ARM.ActiveCfg = Debug|Any CPU
		{2012EA75-5A52-4544-AAAE-2A158CF3D517}.Ad-Hoc|ARM.Build.0 = Debug|Any CPU
		{2012EA75-5A52-4544-AAAE-2A158CF3D517}.Ad-Hoc|ARM64.ActiveCfg = Debug|Any CPU
		{2012EA75-5A52-4544-AAAE-2A158CF3D517}.Ad-Hoc|ARM64.Build.0 = Debug|Any CPU
		{2012EA75-5A52-4544-AAAE-2A158CF3D517}.Ad-Hoc|iPhone.ActiveCfg = Debug|Any CPU
		{2012EA75-5A52-4544-AAAE-2A158CF3D517}.Ad-Hoc|iPhone.Build.0 = Debug|Any CPU
		{2012EA75-5A52-4544-AAAE-2A158CF3D517}.Ad-Hoc|iPhoneSimulator.ActiveCfg = Debug|Any CPU
		{2012EA75-5A52-4544-AAAE-2A158CF3D517}.Ad-Hoc|iPhoneSimulator.Build.0 = Debug|Any CPU
		{2012EA75-5A52-4544-AAAE-2A158CF3D517}.Ad-Hoc|x64.ActiveCfg = Debug|Any CPU
		{2012EA75-5A52-4544-AAAE-2A158CF3D517}.Ad-Hoc|x64.Build.0 = Debug|Any CPU
		{2012EA75-5A52-4544-AAAE-2A158CF3D517}.Ad-Hoc|x86.ActiveCfg = Debug|Any CPU
		{2012EA75-5A52-4544-AAAE-2A158CF3D517}.Ad-Hoc|x86.Build.0 = Debug|Any CPU
		{2012EA75-5A52-4544-AAAE-2A158CF3D517}.AppStore|Any CPU.ActiveCfg = Debug|Any CPU
		{2012EA75-5A52-4544-AAAE-2A158CF3D517}.AppStore|Any CPU.Build.0 = Debug|Any CPU
		{2012EA75-5A52-4544-AAAE-2A158CF3D517}.AppStore|ARM.ActiveCfg = Debug|Any CPU
		{2012EA75-5A52-4544-AAAE-2A158CF3D517}.AppStore|ARM.Build.0 = Debug|Any CPU
		{2012EA75-5A52-4544-AAAE-2A158CF3D517}.AppStore|ARM64.ActiveCfg = Debug|Any CPU
		{2012EA75-5A52-4544-AAAE-2A158CF3D517}.AppStore|ARM64.Build.0 = Debug|Any CPU
		{2012EA75-5A52-4544-AAAE-2A158CF3D517}.AppStore|iPhone.ActiveCfg = Debug|Any CPU
		{2012EA75-5A52-4544-AAAE-2A158CF3D517}.AppStore|iPhone.Build.0 = Debug|Any CPU
		{2012EA75-5A52-4544-AAAE-2A158CF3D517}.AppStore|iPhoneSimulator.ActiveCfg = Debug|Any CPU
		{2012EA75-5A52-4544-AAAE-2A158CF3D517}.AppStore|iPhoneSimulator.Build.0 = Debug|Any CPU
		{2012EA75-5A52-4544-AAAE-2A158CF3D517}.AppStore|x64.ActiveCfg = Debug|Any CPU
		{2012EA75-5A52-4544-AAAE-2A158CF3D517}.AppStore|x64.Build.0 = Debug|Any CPU
		{2012EA75-5A52-4544-AAAE-2A158CF3D517}.AppStore|x86.ActiveCfg = Debug|Any CPU
		{2012EA75-5A52-4544-AAAE-2A158CF3D517}.AppStore|x86.Build.0 = Debug|Any CPU
		{2012EA75-5A52-4544-AAAE-2A158CF3D517}.Debug|Any CPU.ActiveCfg = Debug|Any CPU
		{2012EA75-5A52-4544-AAAE-2A158CF3D517}.Debug|Any CPU.Build.0 = Debug|Any CPU
		{2012EA75-5A52-4544-AAAE-2A158CF3D517}.Debug|ARM.ActiveCfg = Debug|Any CPU
		{2012EA75-5A52-4544-AAAE-2A158CF3D517}.Debug|ARM.Build.0 = Debug|Any CPU
		{2012EA75-5A52-4544-AAAE-2A158CF3D517}.Debug|ARM64.ActiveCfg = Debug|Any CPU
		{2012EA75-5A52-4544-AAAE-2A158CF3D517}.Debug|ARM64.Build.0 = Debug|Any CPU
		{2012EA75-5A52-4544-AAAE-2A158CF3D517}.Debug|iPhone.ActiveCfg = Debug|Any CPU
		{2012EA75-5A52-4544-AAAE-2A158CF3D517}.Debug|iPhone.Build.0 = Debug|Any CPU
		{2012EA75-5A52-4544-AAAE-2A158CF3D517}.Debug|iPhoneSimulator.ActiveCfg = Debug|Any CPU
		{2012EA75-5A52-4544-AAAE-2A158CF3D517}.Debug|iPhoneSimulator.Build.0 = Debug|Any CPU
		{2012EA75-5A52-4544-AAAE-2A158CF3D517}.Debug|x64.ActiveCfg = Debug|Any CPU
		{2012EA75-5A52-4544-AAAE-2A158CF3D517}.Debug|x64.Build.0 = Debug|Any CPU
		{2012EA75-5A52-4544-AAAE-2A158CF3D517}.Debug|x86.ActiveCfg = Debug|Any CPU
		{2012EA75-5A52-4544-AAAE-2A158CF3D517}.Debug|x86.Build.0 = Debug|Any CPU
		{2012EA75-5A52-4544-AAAE-2A158CF3D517}.Release|Any CPU.ActiveCfg = Release|Any CPU
		{2012EA75-5A52-4544-AAAE-2A158CF3D517}.Release|Any CPU.Build.0 = Release|Any CPU
		{2012EA75-5A52-4544-AAAE-2A158CF3D517}.Release|ARM.ActiveCfg = Release|Any CPU
		{2012EA75-5A52-4544-AAAE-2A158CF3D517}.Release|ARM.Build.0 = Release|Any CPU
		{2012EA75-5A52-4544-AAAE-2A158CF3D517}.Release|ARM64.ActiveCfg = Release|Any CPU
		{2012EA75-5A52-4544-AAAE-2A158CF3D517}.Release|ARM64.Build.0 = Release|Any CPU
		{2012EA75-5A52-4544-AAAE-2A158CF3D517}.Release|iPhone.ActiveCfg = Release|Any CPU
		{2012EA75-5A52-4544-AAAE-2A158CF3D517}.Release|iPhone.Build.0 = Release|Any CPU
		{2012EA75-5A52-4544-AAAE-2A158CF3D517}.Release|iPhoneSimulator.ActiveCfg = Release|Any CPU
		{2012EA75-5A52-4544-AAAE-2A158CF3D517}.Release|iPhoneSimulator.Build.0 = Release|Any CPU
		{2012EA75-5A52-4544-AAAE-2A158CF3D517}.Release|x64.ActiveCfg = Release|Any CPU
		{2012EA75-5A52-4544-AAAE-2A158CF3D517}.Release|x64.Build.0 = Release|Any CPU
		{2012EA75-5A52-4544-AAAE-2A158CF3D517}.Release|x86.ActiveCfg = Release|Any CPU
		{2012EA75-5A52-4544-AAAE-2A158CF3D517}.Release|x86.Build.0 = Release|Any CPU
		{3736C21A-2336-4F61-B40F-17EE9AF4DCDB}.Ad-Hoc|Any CPU.ActiveCfg = Debug|Any CPU
		{3736C21A-2336-4F61-B40F-17EE9AF4DCDB}.Ad-Hoc|Any CPU.Build.0 = Debug|Any CPU
		{3736C21A-2336-4F61-B40F-17EE9AF4DCDB}.Ad-Hoc|ARM.ActiveCfg = Debug|Any CPU
		{3736C21A-2336-4F61-B40F-17EE9AF4DCDB}.Ad-Hoc|ARM.Build.0 = Debug|Any CPU
		{3736C21A-2336-4F61-B40F-17EE9AF4DCDB}.Ad-Hoc|ARM64.ActiveCfg = Debug|Any CPU
		{3736C21A-2336-4F61-B40F-17EE9AF4DCDB}.Ad-Hoc|ARM64.Build.0 = Debug|Any CPU
		{3736C21A-2336-4F61-B40F-17EE9AF4DCDB}.Ad-Hoc|iPhone.ActiveCfg = Debug|Any CPU
		{3736C21A-2336-4F61-B40F-17EE9AF4DCDB}.Ad-Hoc|iPhone.Build.0 = Debug|Any CPU
		{3736C21A-2336-4F61-B40F-17EE9AF4DCDB}.Ad-Hoc|iPhoneSimulator.ActiveCfg = Debug|Any CPU
		{3736C21A-2336-4F61-B40F-17EE9AF4DCDB}.Ad-Hoc|iPhoneSimulator.Build.0 = Debug|Any CPU
		{3736C21A-2336-4F61-B40F-17EE9AF4DCDB}.Ad-Hoc|x64.ActiveCfg = Debug|Any CPU
		{3736C21A-2336-4F61-B40F-17EE9AF4DCDB}.Ad-Hoc|x64.Build.0 = Debug|Any CPU
		{3736C21A-2336-4F61-B40F-17EE9AF4DCDB}.Ad-Hoc|x86.ActiveCfg = Debug|Any CPU
		{3736C21A-2336-4F61-B40F-17EE9AF4DCDB}.Ad-Hoc|x86.Build.0 = Debug|Any CPU
		{3736C21A-2336-4F61-B40F-17EE9AF4DCDB}.AppStore|Any CPU.ActiveCfg = Debug|Any CPU
		{3736C21A-2336-4F61-B40F-17EE9AF4DCDB}.AppStore|Any CPU.Build.0 = Debug|Any CPU
		{3736C21A-2336-4F61-B40F-17EE9AF4DCDB}.AppStore|ARM.ActiveCfg = Debug|Any CPU
		{3736C21A-2336-4F61-B40F-17EE9AF4DCDB}.AppStore|ARM.Build.0 = Debug|Any CPU
		{3736C21A-2336-4F61-B40F-17EE9AF4DCDB}.AppStore|ARM64.ActiveCfg = Debug|Any CPU
		{3736C21A-2336-4F61-B40F-17EE9AF4DCDB}.AppStore|ARM64.Build.0 = Debug|Any CPU
		{3736C21A-2336-4F61-B40F-17EE9AF4DCDB}.AppStore|iPhone.ActiveCfg = Debug|Any CPU
		{3736C21A-2336-4F61-B40F-17EE9AF4DCDB}.AppStore|iPhone.Build.0 = Debug|Any CPU
		{3736C21A-2336-4F61-B40F-17EE9AF4DCDB}.AppStore|iPhoneSimulator.ActiveCfg = Debug|Any CPU
		{3736C21A-2336-4F61-B40F-17EE9AF4DCDB}.AppStore|iPhoneSimulator.Build.0 = Debug|Any CPU
		{3736C21A-2336-4F61-B40F-17EE9AF4DCDB}.AppStore|x64.ActiveCfg = Debug|Any CPU
		{3736C21A-2336-4F61-B40F-17EE9AF4DCDB}.AppStore|x64.Build.0 = Debug|Any CPU
		{3736C21A-2336-4F61-B40F-17EE9AF4DCDB}.AppStore|x86.ActiveCfg = Debug|Any CPU
		{3736C21A-2336-4F61-B40F-17EE9AF4DCDB}.AppStore|x86.Build.0 = Debug|Any CPU
		{3736C21A-2336-4F61-B40F-17EE9AF4DCDB}.Debug|Any CPU.ActiveCfg = Debug|Any CPU
		{3736C21A-2336-4F61-B40F-17EE9AF4DCDB}.Debug|Any CPU.Build.0 = Debug|Any CPU
		{3736C21A-2336-4F61-B40F-17EE9AF4DCDB}.Debug|ARM.ActiveCfg = Debug|Any CPU
		{3736C21A-2336-4F61-B40F-17EE9AF4DCDB}.Debug|ARM.Build.0 = Debug|Any CPU
		{3736C21A-2336-4F61-B40F-17EE9AF4DCDB}.Debug|ARM64.ActiveCfg = Debug|Any CPU
		{3736C21A-2336-4F61-B40F-17EE9AF4DCDB}.Debug|ARM64.Build.0 = Debug|Any CPU
		{3736C21A-2336-4F61-B40F-17EE9AF4DCDB}.Debug|iPhone.ActiveCfg = Debug|Any CPU
		{3736C21A-2336-4F61-B40F-17EE9AF4DCDB}.Debug|iPhone.Build.0 = Debug|Any CPU
		{3736C21A-2336-4F61-B40F-17EE9AF4DCDB}.Debug|iPhoneSimulator.ActiveCfg = Debug|Any CPU
		{3736C21A-2336-4F61-B40F-17EE9AF4DCDB}.Debug|iPhoneSimulator.Build.0 = Debug|Any CPU
		{3736C21A-2336-4F61-B40F-17EE9AF4DCDB}.Debug|x64.ActiveCfg = Debug|Any CPU
		{3736C21A-2336-4F61-B40F-17EE9AF4DCDB}.Debug|x64.Build.0 = Debug|Any CPU
		{3736C21A-2336-4F61-B40F-17EE9AF4DCDB}.Debug|x86.ActiveCfg = Debug|Any CPU
		{3736C21A-2336-4F61-B40F-17EE9AF4DCDB}.Debug|x86.Build.0 = Debug|Any CPU
		{3736C21A-2336-4F61-B40F-17EE9AF4DCDB}.Release|Any CPU.ActiveCfg = Release|Any CPU
		{3736C21A-2336-4F61-B40F-17EE9AF4DCDB}.Release|Any CPU.Build.0 = Release|Any CPU
		{3736C21A-2336-4F61-B40F-17EE9AF4DCDB}.Release|ARM.ActiveCfg = Release|Any CPU
		{3736C21A-2336-4F61-B40F-17EE9AF4DCDB}.Release|ARM.Build.0 = Release|Any CPU
		{3736C21A-2336-4F61-B40F-17EE9AF4DCDB}.Release|ARM64.ActiveCfg = Release|Any CPU
		{3736C21A-2336-4F61-B40F-17EE9AF4DCDB}.Release|ARM64.Build.0 = Release|Any CPU
		{3736C21A-2336-4F61-B40F-17EE9AF4DCDB}.Release|iPhone.ActiveCfg = Release|Any CPU
		{3736C21A-2336-4F61-B40F-17EE9AF4DCDB}.Release|iPhone.Build.0 = Release|Any CPU
		{3736C21A-2336-4F61-B40F-17EE9AF4DCDB}.Release|iPhoneSimulator.ActiveCfg = Release|Any CPU
		{3736C21A-2336-4F61-B40F-17EE9AF4DCDB}.Release|iPhoneSimulator.Build.0 = Release|Any CPU
		{3736C21A-2336-4F61-B40F-17EE9AF4DCDB}.Release|x64.ActiveCfg = Release|Any CPU
		{3736C21A-2336-4F61-B40F-17EE9AF4DCDB}.Release|x64.Build.0 = Release|Any CPU
		{3736C21A-2336-4F61-B40F-17EE9AF4DCDB}.Release|x86.ActiveCfg = Release|Any CPU
		{3736C21A-2336-4F61-B40F-17EE9AF4DCDB}.Release|x86.Build.0 = Release|Any CPU
		{B96FD310-9BFA-45AC-99C9-FF5BA5C21EBC}.Ad-Hoc|Any CPU.ActiveCfg = Debug|Any CPU
		{B96FD310-9BFA-45AC-99C9-FF5BA5C21EBC}.Ad-Hoc|Any CPU.Build.0 = Debug|Any CPU
		{B96FD310-9BFA-45AC-99C9-FF5BA5C21EBC}.Ad-Hoc|ARM.ActiveCfg = Debug|Any CPU
		{B96FD310-9BFA-45AC-99C9-FF5BA5C21EBC}.Ad-Hoc|ARM.Build.0 = Debug|Any CPU
		{B96FD310-9BFA-45AC-99C9-FF5BA5C21EBC}.Ad-Hoc|ARM64.ActiveCfg = Debug|Any CPU
		{B96FD310-9BFA-45AC-99C9-FF5BA5C21EBC}.Ad-Hoc|ARM64.Build.0 = Debug|Any CPU
		{B96FD310-9BFA-45AC-99C9-FF5BA5C21EBC}.Ad-Hoc|iPhone.ActiveCfg = Debug|Any CPU
		{B96FD310-9BFA-45AC-99C9-FF5BA5C21EBC}.Ad-Hoc|iPhone.Build.0 = Debug|Any CPU
		{B96FD310-9BFA-45AC-99C9-FF5BA5C21EBC}.Ad-Hoc|iPhoneSimulator.ActiveCfg = Debug|Any CPU
		{B96FD310-9BFA-45AC-99C9-FF5BA5C21EBC}.Ad-Hoc|iPhoneSimulator.Build.0 = Debug|Any CPU
		{B96FD310-9BFA-45AC-99C9-FF5BA5C21EBC}.Ad-Hoc|x64.ActiveCfg = Debug|Any CPU
		{B96FD310-9BFA-45AC-99C9-FF5BA5C21EBC}.Ad-Hoc|x64.Build.0 = Debug|Any CPU
		{B96FD310-9BFA-45AC-99C9-FF5BA5C21EBC}.Ad-Hoc|x86.ActiveCfg = Debug|Any CPU
		{B96FD310-9BFA-45AC-99C9-FF5BA5C21EBC}.Ad-Hoc|x86.Build.0 = Debug|Any CPU
		{B96FD310-9BFA-45AC-99C9-FF5BA5C21EBC}.AppStore|Any CPU.ActiveCfg = Debug|Any CPU
		{B96FD310-9BFA-45AC-99C9-FF5BA5C21EBC}.AppStore|Any CPU.Build.0 = Debug|Any CPU
		{B96FD310-9BFA-45AC-99C9-FF5BA5C21EBC}.AppStore|ARM.ActiveCfg = Debug|Any CPU
		{B96FD310-9BFA-45AC-99C9-FF5BA5C21EBC}.AppStore|ARM.Build.0 = Debug|Any CPU
		{B96FD310-9BFA-45AC-99C9-FF5BA5C21EBC}.AppStore|ARM64.ActiveCfg = Debug|Any CPU
		{B96FD310-9BFA-45AC-99C9-FF5BA5C21EBC}.AppStore|ARM64.Build.0 = Debug|Any CPU
		{B96FD310-9BFA-45AC-99C9-FF5BA5C21EBC}.AppStore|iPhone.ActiveCfg = Debug|Any CPU
		{B96FD310-9BFA-45AC-99C9-FF5BA5C21EBC}.AppStore|iPhone.Build.0 = Debug|Any CPU
		{B96FD310-9BFA-45AC-99C9-FF5BA5C21EBC}.AppStore|iPhoneSimulator.ActiveCfg = Debug|Any CPU
		{B96FD310-9BFA-45AC-99C9-FF5BA5C21EBC}.AppStore|iPhoneSimulator.Build.0 = Debug|Any CPU
		{B96FD310-9BFA-45AC-99C9-FF5BA5C21EBC}.AppStore|x64.ActiveCfg = Debug|Any CPU
		{B96FD310-9BFA-45AC-99C9-FF5BA5C21EBC}.AppStore|x64.Build.0 = Debug|Any CPU
		{B96FD310-9BFA-45AC-99C9-FF5BA5C21EBC}.AppStore|x86.ActiveCfg = Debug|Any CPU
		{B96FD310-9BFA-45AC-99C9-FF5BA5C21EBC}.AppStore|x86.Build.0 = Debug|Any CPU
		{B96FD310-9BFA-45AC-99C9-FF5BA5C21EBC}.Debug|Any CPU.ActiveCfg = Debug|Any CPU
		{B96FD310-9BFA-45AC-99C9-FF5BA5C21EBC}.Debug|Any CPU.Build.0 = Debug|Any CPU
		{B96FD310-9BFA-45AC-99C9-FF5BA5C21EBC}.Debug|ARM.ActiveCfg = Debug|Any CPU
		{B96FD310-9BFA-45AC-99C9-FF5BA5C21EBC}.Debug|ARM.Build.0 = Debug|Any CPU
		{B96FD310-9BFA-45AC-99C9-FF5BA5C21EBC}.Debug|ARM64.ActiveCfg = Debug|Any CPU
		{B96FD310-9BFA-45AC-99C9-FF5BA5C21EBC}.Debug|ARM64.Build.0 = Debug|Any CPU
		{B96FD310-9BFA-45AC-99C9-FF5BA5C21EBC}.Debug|iPhone.ActiveCfg = Debug|Any CPU
		{B96FD310-9BFA-45AC-99C9-FF5BA5C21EBC}.Debug|iPhone.Build.0 = Debug|Any CPU
		{B96FD310-9BFA-45AC-99C9-FF5BA5C21EBC}.Debug|iPhoneSimulator.ActiveCfg = Debug|Any CPU
		{B96FD310-9BFA-45AC-99C9-FF5BA5C21EBC}.Debug|iPhoneSimulator.Build.0 = Debug|Any CPU
		{B96FD310-9BFA-45AC-99C9-FF5BA5C21EBC}.Debug|x64.ActiveCfg = Debug|Any CPU
		{B96FD310-9BFA-45AC-99C9-FF5BA5C21EBC}.Debug|x64.Build.0 = Debug|Any CPU
		{B96FD310-9BFA-45AC-99C9-FF5BA5C21EBC}.Debug|x86.ActiveCfg = Debug|Any CPU
		{B96FD310-9BFA-45AC-99C9-FF5BA5C21EBC}.Debug|x86.Build.0 = Debug|Any CPU
		{B96FD310-9BFA-45AC-99C9-FF5BA5C21EBC}.Release|Any CPU.ActiveCfg = Release|Any CPU
		{B96FD310-9BFA-45AC-99C9-FF5BA5C21EBC}.Release|Any CPU.Build.0 = Release|Any CPU
		{B96FD310-9BFA-45AC-99C9-FF5BA5C21EBC}.Release|ARM.ActiveCfg = Release|Any CPU
		{B96FD310-9BFA-45AC-99C9-FF5BA5C21EBC}.Release|ARM.Build.0 = Release|Any CPU
		{B96FD310-9BFA-45AC-99C9-FF5BA5C21EBC}.Release|ARM64.ActiveCfg = Release|Any CPU
		{B96FD310-9BFA-45AC-99C9-FF5BA5C21EBC}.Release|ARM64.Build.0 = Release|Any CPU
		{B96FD310-9BFA-45AC-99C9-FF5BA5C21EBC}.Release|iPhone.ActiveCfg = Release|Any CPU
		{B96FD310-9BFA-45AC-99C9-FF5BA5C21EBC}.Release|iPhone.Build.0 = Release|Any CPU
		{B96FD310-9BFA-45AC-99C9-FF5BA5C21EBC}.Release|iPhoneSimulator.ActiveCfg = Release|Any CPU
		{B96FD310-9BFA-45AC-99C9-FF5BA5C21EBC}.Release|iPhoneSimulator.Build.0 = Release|Any CPU
		{B96FD310-9BFA-45AC-99C9-FF5BA5C21EBC}.Release|x64.ActiveCfg = Release|Any CPU
		{B96FD310-9BFA-45AC-99C9-FF5BA5C21EBC}.Release|x64.Build.0 = Release|Any CPU
		{B96FD310-9BFA-45AC-99C9-FF5BA5C21EBC}.Release|x86.ActiveCfg = Release|Any CPU
		{B96FD310-9BFA-45AC-99C9-FF5BA5C21EBC}.Release|x86.Build.0 = Release|Any CPU
	EndGlobalSection
	GlobalSection(SolutionProperties) = preSolution
		HideSolutionNode = FALSE
	EndGlobalSection
	GlobalSection(NestedProjects) = preSolution
		{FDFC9709-D7C7-4453-95C7-A2CC3CFB1D2B} = {53ACB668-D331-459F-8AF6-347595902FAC}
		{A53398BB-B195-427A-BAE2-93223DB42199} = {53ACB668-D331-459F-8AF6-347595902FAC}
		{1C8318F3-8DA0-47F5-9244-281049B6DD40} = {53ACB668-D331-459F-8AF6-347595902FAC}
		{3CF6BACB-BCCD-4691-A35C-FF924FA26192} = {53ACB668-D331-459F-8AF6-347595902FAC}
		{16561BC0-B65D-4E6F-8313-B3AB4D87F074} = {53ACB668-D331-459F-8AF6-347595902FAC}
		{2012EA75-5A52-4544-AAAE-2A158CF3D517} = {53ACB668-D331-459F-8AF6-347595902FAC}
		{3736C21A-2336-4F61-B40F-17EE9AF4DCDB} = {A521879C-2004-4049-BE6F-8F8987CDE409}
		{B96FD310-9BFA-45AC-99C9-FF5BA5C21EBC} = {A521879C-2004-4049-BE6F-8F8987CDE409}
	EndGlobalSection
	GlobalSection(ExtensibilityGlobals) = postSolution
		SolutionGuid = {E7391B16-42ED-4910-AF2D-66C8FC8D7D69}
	EndGlobalSection
EndGlobal
